{
	"requires": true,
	"lockfileVersion": 1,
	"dependencies": {
		"angular": {
			"version": "1.6.8",
			"resolved": "https://registry.npmjs.org/angular/-/angular-1.6.8.tgz",
			"integrity": "sha512-9WErZIOw1Cu1V5Yxdvxz/6YpND8ntdP71fdPpufPFJvZodZXqCjQBYrHqEoMZreO5i84O3D/Jw/vepoFt68Azw=="
		},
		"angular-mocks": {
			"version": "1.6.8",
			"resolved": "https://registry.npmjs.org/angular-mocks/-/angular-mocks-1.6.8.tgz",
			"integrity": "sha512-yuP+PnUqOVh1ewIWAxBHOTowl/JNpTRFcVPKmIm+AZfQLU/jJxz4om4FgQY5udlIRLcbwPeXEx/TbamfC7Md9w=="
		}
	}
}
