{
  "name": "karma-custom-html-reporter",
  "version": "1.0.0",
  "lockfileVersion": 1,
  "requires": true,
  "dependencies": {
    "xmlbuilder": {
      "version": "14.0.0",
      "resolved": "https://registry.npmjs.org/xmlbuilder/-/xmlbuilder-14.0.0.tgz",
      "integrity": "sha512-ts+B2rSe4fIckR6iquDjsKbQFK2NlUk6iG5nf14mDEyldgoc2nEKZ3jZWMPTxGQwVgToSjt6VGIho1H8/fNFTg=="
    }
  }
}
