{
  "name": "karma-custom-html-reporter",
  "version": "1.0.0",
  "lockfileVersion": 2,
  "requires": true,
  "packages": {
    "": {
      "version": "1.0.0",
      "license": "MIT",
      "dependencies": {
        "xmlbuilder": "10.1.1"
      }
    },
    "node_modules/xmlbuilder": {
      "version": "10.1.1",
      "license": "MIT",
      "engines": {
        "node": ">=4.0"
      }
    }
  },
  "dependencies": {
    "xmlbuilder": {
      "version": "10.1.1"
    }
  }
}
