{
	"requires": true,
	"lockfileVersion": 1,
	"dependencies": {
		"babel-helper-builder-react-jsx": {
			"version": "6.26.0",
			"resolved": "https://registry.npmjs.org/babel-helper-builder-react-jsx/-/babel-helper-builder-react-jsx-6.26.0.tgz",
			"integrity": "sha1-Of+DE7dci2Xc7/HzHTg+D/KkCKA=",
			"requires": {
				"babel-runtime": "6.26.0",
				"babel-types": "6.26.0",
				"esutils": "2.0.2"
			}
		},
		"babel-plugin-syntax-jsx": {
			"version": "6.18.0",
			"resolved": "https://registry.npmjs.org/babel-plugin-syntax-jsx/-/babel-plugin-syntax-jsx-6.18.0.tgz",
			"integrity": "sha1-CvMqmm4Tyno/1QaeYtew9Y0NiUY="
		},
		"babel-plugin-transform-react-jsx": {
			"version": "6.24.1",
			"resolved": "https://registry.npmjs.org/babel-plugin-transform-react-jsx/-/babel-plugin-transform-react-jsx-6.24.1.tgz",
			"integrity": "sha1-hAoCjn30YN/DotKfDA2R9jduZqM=",
			"requires": {
				"babel-helper-builder-react-jsx": "6.26.0",
				"babel-plugin-syntax-jsx": "6.18.0",
				"babel-runtime": "6.26.0"
			}
		},
		"babel-runtime": {
			"version": "6.26.0",
			"resolved": "https://registry.npmjs.org/babel-runtime/-/babel-runtime-6.26.0.tgz",
			"integrity": "sha1-llxwWGaOgrVde/4E/yM3vItWR/4=",
			"requires": {
				"core-js": "2.5.6",
				"regenerator-runtime": "0.11.1"
			}
		},
		"babel-types": {
			"version": "6.26.0",
			"resolved": "https://registry.npmjs.org/babel-types/-/babel-types-6.26.0.tgz",
			"integrity": "sha1-o7Bz+Uq0nrb6Vc1lInozQ4BjJJc=",
			"requires": {
				"babel-runtime": "6.26.0",
				"esutils": "2.0.2",
				"lodash": "4.17.10",
				"to-fast-properties": "1.0.3"
			}
		},
		"core-js": {
			"version": "2.5.6",
			"resolved": "https://registry.npmjs.org/core-js/-/core-js-2.5.6.tgz",
			"integrity": "sha512-lQUVfQi0aLix2xpyjrrJEvfuYCqPc/HwmTKsC/VNf8q0zsjX7SQZtp4+oRONN5Tsur9GDETPjj+Ub2iDiGZfSQ=="
		},
		"esutils": {
			"version": "2.0.2",
			"resolved": "https://registry.npmjs.org/esutils/-/esutils-2.0.2.tgz",
			"integrity": "sha1-Cr9PHKpbyx96nYrMbepPqqBLrJs="
		},
		"lodash": {
			"version": "4.17.10",
			"resolved": "https://registry.npmjs.org/lodash/-/lodash-4.17.10.tgz",
			"integrity": "sha512-UejweD1pDoXu+AD825lWwp4ZGtSwgnpZxb3JDViD7StjQz+Nb/6l093lx4OQ0foGWNRoc19mWy7BzL+UAK2iVg=="
		},
		"preact": {
			"version": "8.2.7",
			"resolved": "https://registry.npmjs.org/preact/-/preact-8.2.7.tgz",
			"integrity": "sha512-m34Ke8U32HyKRVzUOCAcaiIBLR2ye6syiuRclU5DxyixDPDFqdLbIElhERBrF6gDbPKQR+Vpv5bZ9CCbvN6pdQ=="
		},
		"regenerator-runtime": {
			"version": "0.11.1",
			"resolved": "https://registry.npmjs.org/regenerator-runtime/-/regenerator-runtime-0.11.1.tgz",
			"integrity": "sha512-MguG95oij0fC3QV3URf4V2SDYGJhJnJGqvIIgdECeODCT98wSWDAJ94SSuVpYQUoTcGUIL6L4yNB7j1DFFHSBg=="
		},
		"to-fast-properties": {
			"version": "1.0.3",
			"resolved": "https://registry.npmjs.org/to-fast-properties/-/to-fast-properties-1.0.3.tgz",
			"integrity": "sha1-uDVx+k2MJbguIxsG46MFXeTKGkc="
		}
	}
}
