{
	"requires": true,
	"lockfileVersion": 1,
	"dependencies": {
		"@dojo/core": {
			"version": "2.0.0-beta3.1",
			"resolved": "https://registry.npmjs.org/@dojo/core/-/core-2.0.0-beta3.1.tgz",
			"integrity": "sha512-+lK20iV4qbCLc5NJF25BI3XPjwOyJC7PN5B2ieNgr2UR7bd3hAM2UPmt3I5uEC0lIpx4xRxSRc/3m8NPE78TvQ=="
		},
		"@dojo/has": {
			"version": "2.0.0-beta3.1",
			"resolved": "https://registry.npmjs.org/@dojo/has/-/has-2.0.0-beta3.1.tgz",
			"integrity": "sha512-BX/HIzPLRjs1PvDZVyl/gWNGlv/y/jlqaOKe6RydITb0pcdJUmwU2yNdoX+u2TZfjddvJYTGpriFoh+GhJ3tPg=="
		},
		"@dojo/interfaces": {
			"version": "2.0.0-beta3.1",
			"resolved": "https://registry.npmjs.org/@dojo/interfaces/-/interfaces-2.0.0-beta3.1.tgz",
			"integrity": "sha512-jvnH6Ho9cC0XwTKGuwrM3pVnFtxtV7N/6/1tEWWJ4p8Wrt35usVBXKLq7AToU3BC4vvn65u5y3W86y4LqO953Q=="
		},
		"@dojo/shim": {
			"version": "2.0.0-beta3.1",
			"resolved": "https://registry.npmjs.org/@dojo/shim/-/shim-2.0.0-beta3.1.tgz",
			"integrity": "sha512-U1tMf5DJjwqS6+/to8tnslmqf9PWwNDD4kM0uT316AHspDFE6C3cP2xUEh8GDfnJGee6WBEwddhLs/2X9OrSSA=="
		},
		"@dojo/widget-core": {
			"version": "2.0.0-beta3.2",
			"resolved": "https://registry.npmjs.org/@dojo/widget-core/-/widget-core-2.0.0-beta3.2.tgz",
			"integrity": "sha512-QSYBaxbY99bxAwKlwjVABtNWiLDZ3/CFjCN6DoLeNZ+sOAewsvPpV0ou0eEN/aSvriL65QHQuNwObVgf2Jxftg==",
			"requires": {
				"intersection-observer": "0.4.3",
				"maquette": "2.5.4",
				"pepjs": "0.4.3"
			}
		},
		"ansi-styles": {
			"version": "3.2.1",
			"resolved": "https://registry.npmjs.org/ansi-styles/-/ansi-styles-3.2.1.tgz",
			"integrity": "sha512-VT0ZI6kZRdTh8YyJw3SMbYm/u+NqfsAxEpWO0Pf9sq8/e94WxxOpPKx9FR1FlyCtOVDNOQ+8ntlqFxiRc+r5qA==",
			"requires": {
				"color-convert": "1.9.1"
			}
		},
		"ast-types": {
			"version": "0.9.14",
			"resolved": "https://registry.npmjs.org/ast-types/-/ast-types-0.9.14.tgz",
			"integrity": "sha512-Ebvx7/0lLboCdyEmAw/4GqwBeKIijPveXNiVGhCGCNxc7z26T5he7DC6ARxu8ByKuzUZZcLog+VP8GMyZrBzJw=="
		},
		"big.js": {
			"version": "3.2.0",
			"resolved": "https://registry.npmjs.org/big.js/-/big.js-3.2.0.tgz",
			"integrity": "sha512-+hN/Zh2D08Mx65pZ/4g5bsmNiZUuChDiQfTUQ7qJr4/kuopCr88xZsAXv6mBoZEsUI4OuGHlX59qE94K2mMW8Q=="
		},
		"chalk": {
			"version": "2.4.1",
			"resolved": "https://registry.npmjs.org/chalk/-/chalk-2.4.1.tgz",
			"integrity": "sha512-ObN6h1v2fTJSmUXoS3nMQ92LbDK9be4TV+6G+omQlGJFdcUX5heKi1LZ1YnRMIgwTLEj3E24bT6tYni50rlCfQ==",
			"requires": {
				"ansi-styles": "3.2.1",
				"escape-string-regexp": "1.0.5",
				"supports-color": "5.4.0"
			}
		},
		"color-convert": {
			"version": "1.9.1",
			"resolved": "https://registry.npmjs.org/color-convert/-/color-convert-1.9.1.tgz",
			"integrity": "sha512-mjGanIiwQJskCC18rPR6OmrZ6fm2Lc7PeGFYwCmy5J34wC6F1PzdGL6xeMfmgicfYcNLGuVFA3WzXtIDCQSZxQ==",
			"requires": {
				"color-name": "1.1.3"
			}
		},
		"color-name": {
			"version": "1.1.3",
			"resolved": "https://registry.npmjs.org/color-name/-/color-name-1.1.3.tgz",
			"integrity": "sha1-p9BVi9icQveV3UIyj3QIMcpTvCU="
		},
		"core-util-is": {
			"version": "1.0.2",
			"resolved": "https://registry.npmjs.org/core-util-is/-/core-util-is-1.0.2.tgz",
			"integrity": "sha1-tf1UIgqivFq1eqtxQMlAdUUDwac="
		},
		"emojis-list": {
			"version": "2.1.0",
			"resolved": "https://registry.npmjs.org/emojis-list/-/emojis-list-2.1.0.tgz",
			"integrity": "sha1-TapNnbAPmBmIDHn6RXrlsJof04k="
		},
		"enhanced-resolve": {
			"version": "3.4.1",
			"resolved": "https://registry.npmjs.org/enhanced-resolve/-/enhanced-resolve-3.4.1.tgz",
			"integrity": "sha1-BCHjOf1xQZs9oT0Smzl5BAIwR24=",
			"requires": {
				"graceful-fs": "4.1.11",
				"memory-fs": "0.4.1",
				"object-assign": "4.1.1",
				"tapable": "0.2.8"
			}
		},
		"errno": {
			"version": "0.1.7",
			"resolved": "https://registry.npmjs.org/errno/-/errno-0.1.7.tgz",
			"integrity": "sha512-MfrRBDWzIWifgq6tJj60gkAwtLNb6sQPlcFrSOflcP1aFmmruKQ2wRnze/8V6kgyz7H3FF8Npzv78mZ7XLLflg==",
			"requires": {
				"prr": "1.0.1"
			}
		},
		"escape-string-regexp": {
			"version": "1.0.5",
			"resolved": "https://registry.npmjs.org/escape-string-regexp/-/escape-string-regexp-1.0.5.tgz",
			"integrity": "sha1-G2HAViGQqN/2rjuyzwIAyhMLhtQ="
		},
		"esprima": {
			"version": "3.1.3",
			"resolved": "https://registry.npmjs.org/esprima/-/esprima-3.1.3.tgz",
			"integrity": "sha1-/cpRzuYTOJXjyI1TXOSdv/YqRjM="
		},
		"graceful-fs": {
			"version": "4.1.11",
			"resolved": "https://registry.npmjs.org/graceful-fs/-/graceful-fs-4.1.11.tgz",
			"integrity": "sha1-Dovf5NHduIVNZOBOp8AOKgJuVlg="
		},
		"has-flag": {
			"version": "3.0.0",
			"resolved": "https://registry.npmjs.org/has-flag/-/has-flag-3.0.0.tgz",
			"integrity": "sha1-tdRU3CGZriJWmfNGfloH87lVuv0="
		},
		"inherits": {
			"version": "2.0.3",
			"resolved": "https://registry.npmjs.org/inherits/-/inherits-2.0.3.tgz",
			"integrity": "sha1-Yzwsg+PaQqUC9SRmAiSA9CCCYd4="
		},
		"intersection-observer": {
			"version": "0.4.3",
			"resolved": "https://registry.npmjs.org/intersection-observer/-/intersection-observer-0.4.3.tgz",
			"integrity": "sha512-sRobbVo/+DVGkbco/UkuREmXSr5ypWeQ7S7tYDhzIIP3NFtAHLkkFYdivFAIgNe4sfDYBFAjxEgUyxiEmA/dgQ=="
		},
		"isarray": {
			"version": "1.0.0",
			"resolved": "https://registry.npmjs.org/isarray/-/isarray-1.0.0.tgz",
			"integrity": "sha1-u5NdSFgsuhaMBoNJV6VKPgcSTxE="
		},
		"json5": {
			"version": "0.5.1",
			"resolved": "https://registry.npmjs.org/json5/-/json5-0.5.1.tgz",
			"integrity": "sha1-Hq3nrMASA0rYTiOWdn6tn6VJWCE="
		},
		"loader-utils": {
			"version": "1.1.0",
			"resolved": "https://registry.npmjs.org/loader-utils/-/loader-utils-1.1.0.tgz",
			"integrity": "sha1-yYrvSIvM7aL/teLeZG1qdUQp9c0=",
			"requires": {
				"big.js": "3.2.0",
				"emojis-list": "2.1.0",
				"json5": "0.5.1"
			}
		},
		"maquette": {
			"version": "2.5.4",
			"resolved": "https://registry.npmjs.org/maquette/-/maquette-2.5.4.tgz",
			"integrity": "sha512-E7bciJ2sJxYPufjXZKHlxnrvcdo5okqLmJcvz0sWb5TLVN/M+aKt/epCQNGHBzYYZnx+3b4Ja+49BzpNJKBQGQ=="
		},
		"memory-fs": {
			"version": "0.4.1",
			"resolved": "https://registry.npmjs.org/memory-fs/-/memory-fs-0.4.1.tgz",
			"integrity": "sha1-OpoguEYlI+RHz7x+i7gO1me/xVI=",
			"requires": {
				"errno": "0.1.7",
				"readable-stream": "2.3.6"
			}
		},
		"object-assign": {
			"version": "4.1.1",
			"resolved": "https://registry.npmjs.org/object-assign/-/object-assign-4.1.1.tgz",
			"integrity": "sha1-IQmtx5ZYh8/AXLvUQsrIv7s2CGM="
		},
		"pepjs": {
			"version": "0.4.3",
			"resolved": "https://registry.npmjs.org/pepjs/-/pepjs-0.4.3.tgz",
			"integrity": "sha1-FggOlwqud5kTdWwtrviOqnSG30E="
		},
		"private": {
			"version": "0.1.8",
			"resolved": "https://registry.npmjs.org/private/-/private-0.1.8.tgz",
			"integrity": "sha512-VvivMrbvd2nKkiG38qjULzlc+4Vx4wm/whI9pQD35YrARNnhxeiRktSOhSukRLFNlzg6Br/cJPet5J/u19r/mg=="
		},
		"process-nextick-args": {
			"version": "2.0.0",
			"resolved": "https://registry.npmjs.org/process-nextick-args/-/process-nextick-args-2.0.0.tgz",
			"integrity": "sha512-MtEC1TqN0EU5nephaJ4rAtThHtC86dNN9qCuEhtshvpVBkAW5ZO7BASN9REnF9eoXGcRub+pFuKEpOHE+HbEMw=="
		},
		"prr": {
			"version": "1.0.1",
			"resolved": "https://registry.npmjs.org/prr/-/prr-1.0.1.tgz",
			"integrity": "sha1-0/wRS6BplaRexok/SEzrHXj19HY="
		},
		"readable-stream": {
			"version": "2.3.6",
			"resolved": "https://registry.npmjs.org/readable-stream/-/readable-stream-2.3.6.tgz",
			"integrity": "sha512-tQtKA9WIAhBF3+VLAseyMqZeBjW0AHJoxOtYqSUZNJxauErmLbVm2FW1y+J/YA9dUrAC39ITejlZWhVIwawkKw==",
			"requires": {
				"core-util-is": "1.0.2",
				"inherits": "2.0.3",
				"isarray": "1.0.0",
				"process-nextick-args": "2.0.0",
				"safe-buffer": "5.1.2",
				"string_decoder": "1.1.1",
				"util-deprecate": "1.0.2"
			}
		},
		"recast": {
			"version": "0.11.23",
			"resolved": "https://registry.npmjs.org/recast/-/recast-0.11.23.tgz",
			"integrity": "sha1-RR/TAEqx5N+bTktmN2sqIZEkYtM=",
			"requires": {
				"ast-types": "0.9.6",
				"esprima": "3.1.3",
				"private": "0.1.8",
				"source-map": "0.5.7"
			},
			"dependencies": {
				"ast-types": {
					"version": "0.9.6",
					"resolved": "https://registry.npmjs.org/ast-types/-/ast-types-0.9.6.tgz",
					"integrity": "sha1-ECyenpAF0+fjgpvwxPok7oYu6bk="
				}
			}
		},
		"safe-buffer": {
			"version": "5.1.2",
			"resolved": "https://registry.npmjs.org/safe-buffer/-/safe-buffer-5.1.2.tgz",
			"integrity": "sha512-Gd2UZBJDkXlY7GbJxfsE8/nvKkUEU1G38c1siN6QP6a9PT9MmHB8GnpscSmMJSoF8LOIrt8ud/wPtojys4G6+g=="
		},
		"semver": {
			"version": "5.5.0",
			"resolved": "https://registry.npmjs.org/semver/-/semver-5.5.0.tgz",
			"integrity": "sha512-4SJ3dm0WAwWy/NVeioZh5AntkdJoWKxHxcmyP622fOkgHa4z3R0TdBJICINyaSDE6uNwVc8gZr+ZinwZAH4xIA=="
		},
		"source-map": {
			"version": "0.5.7",
			"resolved": "https://registry.npmjs.org/source-map/-/source-map-0.5.7.tgz",
			"integrity": "sha1-igOdLRAh0i0eoUyA2OpGi6LvP8w="
		},
		"string_decoder": {
			"version": "1.1.1",
			"resolved": "https://registry.npmjs.org/string_decoder/-/string_decoder-1.1.1.tgz",
			"integrity": "sha512-n/ShnvDi6FHbbVfviro+WojiFzv+s8MPMHBczVePfUpDJLwoLT0ht1l4YwBCbi8pJAveEEdnkHyPyTP/mzRfwg==",
			"requires": {
				"safe-buffer": "5.1.2"
			}
		},
		"supports-color": {
			"version": "5.4.0",
			"resolved": "https://registry.npmjs.org/supports-color/-/supports-color-5.4.0.tgz",
			"integrity": "sha512-zjaXglF5nnWpsq470jSv6P9DwPvgLkuapYmfDm3JWOm0vkNTVF2tI4UrN2r6jH1qM/uc/WtxYY1hYoA2dOKj5w==",
			"requires": {
				"has-flag": "3.0.0"
			}
		},
		"tapable": {
			"version": "0.2.8",
			"resolved": "https://registry.npmjs.org/tapable/-/tapable-0.2.8.tgz",
			"integrity": "sha1-mTcqXJmb8t8WCvwNdL7U9HlIzSI="
		},
		"ts-loader": {
			"version": "3.2.0",
			"resolved": "https://registry.npmjs.org/ts-loader/-/ts-loader-3.2.0.tgz",
			"integrity": "sha512-4g8BF3gKWBHeM1jAFmMPHofuJlwTUU4iHJ0i3mwXRHwy74RU6VBOgl9kDVMGpapvGcMlVqV5G6v9XmV66Qqd7w==",
			"requires": {
				"chalk": "2.4.1",
				"enhanced-resolve": "3.4.1",
				"loader-utils": "1.1.0",
				"semver": "5.5.0"
			}
		},
		"umd-compat-loader": {
			"version": "2.1.1",
			"resolved": "https://registry.npmjs.org/umd-compat-loader/-/umd-compat-loader-2.1.1.tgz",
			"integrity": "sha512-rbU2eHzW6tp64cF3X9o93wNYeG6hwvmTTktnd4nW9CdY2rMdw/py0J4C9h/b9HNfn1H0HF7jQQNxGvrm5qio7g==",
			"requires": {
				"ast-types": "0.9.14",
				"loader-utils": "1.1.0",
				"recast": "0.11.23"
			}
		},
		"util-deprecate": {
			"version": "1.0.2",
			"resolved": "https://registry.npmjs.org/util-deprecate/-/util-deprecate-1.0.2.tgz",
			"integrity": "sha1-RQ1Nyfpw3nMnYvvS1KKJgUGaDM8="
		}
	}
}
