{
  "requires": true,
  "lockfileVersion": 1,
  "dependencies": {
    "@webcomponents/webcomponentsjs": {
      "version": "1.0.20",
      "resolved": "https://registry.npmjs.org/@webcomponents/webcomponentsjs/-/webcomponentsjs-1.0.20.tgz",
      "integrity": "sha512-Ady8WFcEVcFS/hfMto5EBwqTUViNsVYErbXImD9jH808yjSqELPsRxQ4PlpP0qBObSmKwJyl3jq0C3tZOhbLGQ=="
    }
  }
}
