{
	"requires": true,
	"lockfileVersion": 1,
	"dependencies": {
		"de-indent": {
			"version": "1.0.2",
			"resolved": "https://registry.npmjs.org/de-indent/-/de-indent-1.0.2.tgz",
			"integrity": "sha1-sgOOhG3DO6pXlhKNCAS0VbjB4h0="
		},
		"he": {
			"version": "1.1.1",
			"resolved": "https://registry.npmjs.org/he/-/he-1.1.1.tgz",
			"integrity": "sha1-k0EP0hsAlzUVH4howvJx80J+I/0="
		},
		"vue": {
			"version": "2.5.13",
			"resolved": "https://registry.npmjs.org/vue/-/vue-2.5.13.tgz",
			"integrity": "sha512-3D+lY7HTkKbtswDM4BBHgqyq+qo8IAEE8lz8va1dz3LLmttjgo0FxairO4r1iN2OBqk8o1FyL4hvzzTFEdQSEw=="
		},
		"vue-template-compiler": {
			"version": "2.5.13",
			"resolved": "https://registry.npmjs.org/vue-template-compiler/-/vue-template-compiler-2.5.13.tgz",
			"integrity": "sha512-15HWSgIxrGUcV0v7QRen2Y3fQsbgxXwMvjT/5XKMO0ANmaCcNh7y2OeIDTAuSGeosjb9+E1Pn2PHZ61VQWEgBQ==",
			"requires": {
				"de-indent": "1.0.2",
				"he": "1.1.1"
			}
		}
	}
}
