{
	"requires": true,
	"lockfileVersion": 1,
	"dependencies": {
		"s-js": {
			"version": "0.4.7",
			"resolved": "https://registry.npmjs.org/s-js/-/s-js-0.4.7.tgz",
			"integrity": "sha512-cHBwPiaQv06MvdCa9PRSBp8gaslpm3YXoP9gsm/u32Z96dN2kO9Gjx6LmLeDmY99+rhgN18t+e6OQZgiVkTvUQ=="
		},
		"source-map": {
			"version": "0.5.7",
			"resolved": "https://registry.npmjs.org/source-map/-/source-map-0.5.7.tgz",
			"integrity": "sha1-igOdLRAh0i0eoUyA2OpGi6LvP8w="
		},
		"surplus": {
			"version": "0.5.0",
			"resolved": "https://registry.npmjs.org/surplus/-/surplus-0.5.0.tgz",
			"integrity": "sha512-4o5p+kk72gyyXb1oW4ohWLOjUyv3nKey+dnaO69QD0TTBojwboolF9rYBAouV4XH+fIbU7zyBXGUx8hMLgbn2A=="
		},
		"surplus-loader": {
			"version": "0.5.0",
			"resolved": "https://registry.npmjs.org/surplus-loader/-/surplus-loader-0.5.0.tgz",
			"integrity": "sha512-AAlYonQLtaMOZda9tynlpE3FvtRGN3ffPfaFKG699PtztKFAAjDxU82/xsR4ycZqW0W/jwMqs2zsCZQy6J4G2Q==",
			"requires": {
				"source-map": "0.5.7"
			}
		},
		"surplus-mixin-on": {
			"version": "0.5.0",
			"resolved": "https://registry.npmjs.org/surplus-mixin-on/-/surplus-mixin-on-0.5.0.tgz",
			"integrity": "sha512-ksf/qOzfgx4mpwzGHv4H9SM+TCjGZOq6SY0YzGFYydSoBrU50I7bOJNLSlY8N2g65rWvnv6xSKKr4DICdlamtg=="
		}
	}
}
