{
	"requires": true,
	"lockfileVersion": 1,
	"dependencies": {
		"hyperhtml": {
			"version": "2.5.10",
			"resolved": "https://registry.npmjs.org/hyperhtml/-/hyperhtml-2.5.10.tgz",
			"integrity": "sha512-YtPDrOvU9ClWL45I8Q6LL2MqItZyOzzmdOdgLXY8UzlOt9QqLwAtBlnj+Z41BWmCUblP0W80rIJrqetmGLwLVw==",
			"requires": {
				"lightercollective": "0.0.3"
			}
		},
		"hyperhtml-element": {
			"version": "1.3.0",
			"resolved": "https://registry.npmjs.org/hyperhtml-element/-/hyperhtml-element-1.3.0.tgz",
			"integrity": "sha512-5odK0KWntCNWtsnGmLO3b3ap0Kg/iFUQ7/JNYYu8ANI1R3yVT+yGOnSF3fqwTHmYJaHtMHAST6MtIOPGkUBWyA==",
			"requires": {
				"hyperhtml": "2.5.10"
			}
		},
		"lightercollective": {
			"version": "0.0.3",
			"resolved": "https://registry.npmjs.org/lightercollective/-/lightercollective-0.0.3.tgz",
			"integrity": "sha512-AUIsWs96N5tESFu/XpvYJvoaGg0Qf0i5wcjMgop4OVsRNdzII+clf52/FSGeaMiZym6l34JhO6zNFunFUHV3YA=="
		}
	}
}
