{
	"requires": true,
	"lockfileVersion": 1,
	"dependencies": {
		"big.js": {
			"version": "3.2.0",
			"resolved": "https://registry.npmjs.org/big.js/-/big.js-3.2.0.tgz",
			"integrity": "sha512-+hN/Zh2D08Mx65pZ/4g5bsmNiZUuChDiQfTUQ7qJr4/kuopCr88xZsAXv6mBoZEsUI4OuGHlX59qE94K2mMW8Q=="
		},
		"emojis-list": {
			"version": "2.1.0",
			"resolved": "https://registry.npmjs.org/emojis-list/-/emojis-list-2.1.0.tgz",
			"integrity": "sha1-TapNnbAPmBmIDHn6RXrlsJof04k="
		},
		"json5": {
			"version": "0.5.1",
			"resolved": "https://registry.npmjs.org/json5/-/json5-0.5.1.tgz",
			"integrity": "sha1-Hq3nrMASA0rYTiOWdn6tn6VJWCE="
		},
		"loader-utils": {
			"version": "1.1.0",
			"resolved": "https://registry.npmjs.org/loader-utils/-/loader-utils-1.1.0.tgz",
			"integrity": "sha1-yYrvSIvM7aL/teLeZG1qdUQp9c0=",
			"requires": {
				"big.js": "3.2.0",
				"emojis-list": "2.1.0",
				"json5": "0.5.1"
			}
		},
		"svelte": {
			"version": "2.5.1",
			"resolved": "https://registry.npmjs.org/svelte/-/svelte-2.5.1.tgz",
			"integrity": "sha512-FP8JSfqh8M1RRTn22/MIOwkSAP92mDD1ErsQ4mcGGYGfeNP/5TREmvwXcADHcZz1Sy0+tk5otUt4SAqtNni/pw=="
		},
		"svelte-dev-helper": {
			"version": "1.1.7",
			"resolved": "https://registry.npmjs.org/svelte-dev-helper/-/svelte-dev-helper-1.1.7.tgz",
			"integrity": "sha1-t9iHx75av34kNvlGdWAGGx4qk18="
		},
		"svelte-loader": {
			"version": "2.9.0",
			"resolved": "https://registry.npmjs.org/svelte-loader/-/svelte-loader-2.9.0.tgz",
			"integrity": "sha512-DmzPUCDBN/G/MKvi3iJZ6MDpoPKqN+um9PS8XBJn6yT6Kbu0pkU5AsdDdqauyKx2wEVQZ7DqpT9agWmDCr5TQg==",
			"requires": {
				"loader-utils": "1.1.0",
				"svelte-dev-helper": "1.1.7"
			}
		}
	}
}
