{
	"requires": true,
	"lockfileVersion": 1,
	"dependencies": {
		"can-ajax": {
			"version": "1.1.4",
			"resolved": "https://registry.npmjs.org/can-ajax/-/can-ajax-1.1.4.tgz",
			"integrity": "sha512-1F30D4ERKgcGlGYKLTQVWxFhm2NtXyoac4i1IB4GeKoqIA/qjyMNw1leVWRopcoDHtqIJRfQscGB4nnu954Ntw==",
			"requires": {
				"can-globals": "1.0.1",
				"can-namespace": "1.0.0",
				"can-param": "1.0.4",
				"can-parse-uri": "1.1.0",
				"can-reflect": "1.16.1"
			}
		},
		"can-assign": {
			"version": "1.1.1",
			"resolved": "https://registry.npmjs.org/can-assign/-/can-assign-1.1.1.tgz",
			"integrity": "sha512-PIxofVeqRsmq6biiD/w2nyEYQ28WeTzKF5kWGmSEldMRauMShvvmWzJdVyIFdl4YREkUhnnRH+nVc72uL2EpSg=="
		},
		"can-attribute-encoder": {
			"version": "1.0.4",
			"resolved": "https://registry.npmjs.org/can-attribute-encoder/-/can-attribute-encoder-1.0.4.tgz",
			"integrity": "sha512-c/9abIVvfA9MB4sKXQIN0g1rautvYAK2h3lFJejr2yUk3DSKWMbJXbW6J//tNAkN0A/vg7LOyQvIxUp7NLFR/g==",
			"requires": {
				"can-log": "1.0.0",
				"can-namespace": "1.0.0"
			}
		},
		"can-attribute-observable": {
			"version": "0.2.2",
			"resolved": "https://registry.npmjs.org/can-attribute-observable/-/can-attribute-observable-0.2.2.tgz",
			"integrity": "sha512-QOepD85YNLwWLu/pWzSYYkOffC3dbqlirSdXLojUPUzAPWveIVjlQ/YpssyLiARqBAqnFnl1DRPrbvZ/n0OD9w==",
			"requires": {
				"can-dom-data-state": "1.0.1",
				"can-dom-events": "1.2.0",
				"can-dom-mutate": "1.0.4",
				"can-event-dom-radiochange": "2.1.0",
				"can-globals": "1.0.1",
				"can-observation": "4.0.1",
				"can-observation-recorder": "1.1.1",
				"can-queues": "1.0.1",
				"can-reflect": "1.16.1",
				"can-reflect-dependencies": "1.0.2",
				"can-simple-observable": "2.0.4",
				"can-types": "1.1.7",
				"can-util": "3.11.5"
			},
			"dependencies": {
				"can-event-dom-radiochange": {
					"version": "2.1.0",
					"resolved": "https://registry.npmjs.org/can-event-dom-radiochange/-/can-event-dom-radiochange-2.1.0.tgz",
					"integrity": "sha512-qQhuMyak80+T8QSoOyC2q4sm7y4R86j1axwKx5puSBPBv1EB/HtP5veHnmPBckZgkEu6Y0qC3UgCl5AKy/BHtQ==",
					"requires": {
						"can-dom-events": "1.2.0",
						"can-globals": "1.0.1",
						"can-namespace": "1.0.0"
					}
				}
			}
		},
		"can-cid": {
			"version": "1.1.2",
			"resolved": "https://registry.npmjs.org/can-cid/-/can-cid-1.1.2.tgz",
			"integrity": "sha512-pTZSC7BSJdN5RFPlPtBHNoIgnXTDoUzO9IVB06OvoZ6b5k5jMz87XMR42ahuR4nsgCEhNkcY3kpVufJSX1wD0Q==",
			"requires": {
				"can-namespace": "1.0.0"
			}
		},
		"can-component": {
			"version": "4.0.8",
			"resolved": "https://registry.npmjs.org/can-component/-/can-component-4.0.8.tgz",
			"integrity": "sha512-KTOHDN7lJAWj2wG7Q9nkZEJtTyy16OND6Q6KD+Ws/ry7bL9E6rByMAiYtYM5MjwB2KqCp0rafYEStUfUW4E2tg==",
			"requires": {
				"can-assign": "1.1.1",
				"can-construct": "3.3.1",
				"can-control": "4.0.2",
				"can-define": "2.2.5",
				"can-dom-data-state": "1.0.1",
				"can-dom-events": "1.2.0",
				"can-dom-mutate": "1.0.4",
				"can-globals": "1.0.1",
				"can-log": "1.0.0",
				"can-namespace": "1.0.0",
				"can-observation": "4.0.1",
				"can-queues": "1.0.1",
				"can-reflect": "1.16.1",
				"can-simple-map": "4.0.1",
				"can-simple-observable": "2.0.4",
				"can-stache": "4.3.4",
				"can-stache-bindings": "4.1.3",
				"can-stache-key": "1.0.2",
				"can-symbol": "1.6.1",
				"can-util": "3.11.5",
				"can-view-callbacks": "4.0.1",
				"can-view-model": "4.0.1",
				"can-view-nodelist": "4.0.2",
				"can-view-scope": "4.1.1"
			}
		},
		"can-construct": {
			"version": "3.3.1",
			"resolved": "https://registry.npmjs.org/can-construct/-/can-construct-3.3.1.tgz",
			"integrity": "sha512-kxl7NA21G/dsIAH5APb0SMUe70kpM+A/oJX6pR6JjcfuToFihnQVZEkWJYXFoJTpJuJH2tUv1Ac17ZxHimGQVg==",
			"requires": {
				"can-namespace": "1.0.0",
				"can-util": "3.11.5"
			}
		},
		"can-control": {
			"version": "4.0.2",
			"resolved": "https://registry.npmjs.org/can-control/-/can-control-4.0.2.tgz",
			"integrity": "sha512-/5wgnCGs88ikmBfsgW2V4277wDPU/PxzpUutduN8ndsRkXeC0E2fKGS4FjaKaARr0L62TMElqDE80qYOHLI+1A==",
			"requires": {
				"can-assign": "1.1.1",
				"can-construct": "3.3.1",
				"can-dom-events": "1.2.0",
				"can-dom-mutate": "1.0.4",
				"can-event-queue": "1.0.1",
				"can-log": "1.0.0",
				"can-namespace": "1.0.0",
				"can-observation": "4.0.1",
				"can-reflect": "1.16.1",
				"can-stache-key": "1.0.2",
				"can-symbol": "1.6.1",
				"can-util": "3.11.5"
			}
		},
		"can-define": {
			"version": "2.2.5",
			"resolved": "https://registry.npmjs.org/can-define/-/can-define-2.2.5.tgz",
			"integrity": "sha512-YmQUlqsQLwDm27Jpsat7GHQwcVc61j29mrPQ7AHKTF9BF9dhrN5AN8rWzKl1vEW8DsQVlTBEaav7JpdgqlqGtg==",
			"requires": {
				"can-construct": "3.3.1",
				"can-define-lazy-value": "1.0.2",
				"can-event-queue": "1.0.1",
				"can-log": "1.0.0",
				"can-namespace": "1.0.0",
				"can-observation": "4.0.1",
				"can-observation-recorder": "1.1.1",
				"can-queues": "1.0.1",
				"can-reflect": "1.16.1",
				"can-simple-observable": "2.0.4",
				"can-symbol": "1.6.1",
				"can-util": "3.11.5"
			}
		},
		"can-define-lazy-value": {
			"version": "1.0.2",
			"resolved": "https://registry.npmjs.org/can-define-lazy-value/-/can-define-lazy-value-1.0.2.tgz",
			"integrity": "sha512-OlZ9bSqozc4Hk1aoJzh5O3ZLvfsGnudNsE4HmzD5KIagmnysJSCBy8zf6Yx+TC/LvNOcNm6NO9oOqwxGsxiijg=="
		},
		"can-deparam": {
			"version": "1.1.1",
			"resolved": "https://registry.npmjs.org/can-deparam/-/can-deparam-1.1.1.tgz",
			"integrity": "sha512-XYP87XLpnt5uOCc10K0cH3Pi39L6D18IDlC2+a8ygBOWeklQ4v3AFh4VqsLasQSKLaVnnLtmt6xPAqzj/h8eKw==",
			"requires": {
				"can-namespace": "1.0.0"
			}
		},
		"can-dom-data": {
			"version": "1.0.1",
			"resolved": "https://registry.npmjs.org/can-dom-data/-/can-dom-data-1.0.1.tgz",
			"integrity": "sha512-ydbZ8HYwGIl2fRPxBLtiNzaFzMBX0s0CFOq+/EhMWFX08IBLSdrykfvmYxzfBOoF58R3eFiCSj3KMwNwvdXYWw==",
			"requires": {
				"can-dom-mutate": "1.0.4",
				"can-namespace": "1.0.0"
			}
		},
		"can-dom-data-state": {
			"version": "1.0.1",
			"resolved": "https://registry.npmjs.org/can-dom-data-state/-/can-dom-data-state-1.0.1.tgz",
			"integrity": "sha512-TM9tk3TrR6Uom4plcmqPzDDYckcYUfQ0+WyUuoFxaDmO0BQr3q38ndePkJSn8203I0mXRZJ6od/cn4OuWheN5A==",
			"requires": {
				"can-cid": "1.1.2",
				"can-dom-mutate": "1.0.4",
				"can-namespace": "1.0.0"
			}
		},
		"can-dom-events": {
			"version": "1.2.0",
			"resolved": "https://registry.npmjs.org/can-dom-events/-/can-dom-events-1.2.0.tgz",
			"integrity": "sha512-o3+aOgJym9AJfR51E3KmYKI2M8L7UJVkIaaHal49zVlwjEamXiKFrZD+gJ7aw39MjLryadzL0SUA3ajFF/2vrg==",
			"requires": {
				"can-globals": "1.0.1",
				"can-key-tree": "1.0.2",
				"can-namespace": "1.0.0",
				"can-reflect": "1.16.1"
			}
		},
		"can-dom-mutate": {
			"version": "1.0.4",
			"resolved": "https://registry.npmjs.org/can-dom-mutate/-/can-dom-mutate-1.0.4.tgz",
			"integrity": "sha512-S5ifVTNl4AkWeRifNo3S6ceTZil9gP9jE4bvYPeSEwFaYb0LBGcTTs4QXNOIsV30EvLhMx+2LyQRtkbkdFS7+A==",
			"requires": {
				"can-globals": "1.0.1"
			}
		},
		"can-event-dom-enter": {
			"version": "1.0.4",
			"resolved": "https://registry.npmjs.org/can-event-dom-enter/-/can-event-dom-enter-1.0.4.tgz",
			"integrity": "sha512-ecgSytEUOstrcellXRKGSPxOe/11nHpgdN4BLOAPLkWYrFPn6R2U+flJS4LhAti17r2E+CvQIbQ3zsohukBK3w==",
			"requires": {
				"can-cid": "1.1.2",
				"can-dom-data-state": "0.2.0",
				"can-dom-events": "1.2.0"
			},
			"dependencies": {
				"can-dom-data-state": {
					"version": "0.2.0",
					"resolved": "https://registry.npmjs.org/can-dom-data-state/-/can-dom-data-state-0.2.0.tgz",
					"integrity": "sha512-U3uVbylOtH2QEB6nb7qm8HlPtPHF7YnG7V2wE6PaFylUXu/RErmeIBWgP5m8ldou3eyIGOTeyIGj0qGBB0yW6A==",
					"requires": {
						"can-cid": "1.1.2",
						"can-namespace": "1.0.0"
					}
				}
			}
		},
		"can-event-dom-radiochange": {
			"version": "1.0.5",
			"resolved": "https://registry.npmjs.org/can-event-dom-radiochange/-/can-event-dom-radiochange-1.0.5.tgz",
			"integrity": "sha512-1/Hscy2KN/eWkhsx0d2ngUwByusCPzVRnfvOC7F5kNg0ivjd7sto5e4JeflRulZv+vdruEB6yx1tzzUWERu3tQ==",
			"requires": {
				"can-cid": "1.1.2",
				"can-dom-data-state": "0.2.0",
				"can-dom-events": "1.2.0",
				"can-globals": "1.0.1"
			},
			"dependencies": {
				"can-dom-data-state": {
					"version": "0.2.0",
					"resolved": "https://registry.npmjs.org/can-dom-data-state/-/can-dom-data-state-0.2.0.tgz",
					"integrity": "sha512-U3uVbylOtH2QEB6nb7qm8HlPtPHF7YnG7V2wE6PaFylUXu/RErmeIBWgP5m8ldou3eyIGOTeyIGj0qGBB0yW6A==",
					"requires": {
						"can-cid": "1.1.2",
						"can-namespace": "1.0.0"
					}
				}
			}
		},
		"can-event-queue": {
			"version": "1.0.1",
			"resolved": "https://registry.npmjs.org/can-event-queue/-/can-event-queue-1.0.1.tgz",
			"integrity": "sha512-Yj+LQZjS4yqUP6QiW8UgsvqH8Joa4jZ244Th+oGLCjilC1qC8miBM73BeDl/9Kg+h4SPz/OxbzEiAB9D3DUZ2w==",
			"requires": {
				"can-define-lazy-value": "1.0.2",
				"can-dom-events": "1.2.0",
				"can-key-tree": "1.0.2",
				"can-log": "1.0.0",
				"can-queues": "1.0.1",
				"can-reflect": "1.16.1",
				"can-symbol": "1.6.1"
			}
		},
		"can-globals": {
			"version": "1.0.1",
			"resolved": "https://registry.npmjs.org/can-globals/-/can-globals-1.0.1.tgz",
			"integrity": "sha512-byup8wU59UVDv7KYUvQcUX2EzQOOMucFit+ReGgkOaxhSv/+/DaUcNmCwtvrUocxSfz75XALcW+Zb6pO2qHvYw==",
			"requires": {
				"can-namespace": "1.0.0",
				"can-reflect": "1.16.1",
				"can-symbol": "1.6.1"
			}
		},
		"can-key-tree": {
			"version": "1.0.2",
			"resolved": "https://registry.npmjs.org/can-key-tree/-/can-key-tree-1.0.2.tgz",
			"integrity": "sha512-wzjDHVYPgT5PX6fTVuu54Zgw2+jNUNTC0ELfygabnR+KD+FMbOvmji7Mxx6Di4/eVXaP1pxk6nyEzUBkx+Z/FQ==",
			"requires": {
				"can-reflect": "1.16.1"
			}
		},
		"can-log": {
			"version": "1.0.0",
			"resolved": "https://registry.npmjs.org/can-log/-/can-log-1.0.0.tgz",
			"integrity": "sha512-5W1zw0jxwVnzRKJJtV6jtxWgobl80rhSVMX0aMQS7QB5GyYL+xbE+3IpARugWlOEutEKmWGXlOkD3LdCL/zyAg=="
		},
		"can-namespace": {
			"version": "1.0.0",
			"resolved": "https://registry.npmjs.org/can-namespace/-/can-namespace-1.0.0.tgz",
			"integrity": "sha1-C4+vr7sRNSuerUIi/+OCJAW0Ppk="
		},
		"can-observation": {
			"version": "4.0.1",
			"resolved": "https://registry.npmjs.org/can-observation/-/can-observation-4.0.1.tgz",
			"integrity": "sha512-xJgeipbzJvrDme5RFiRHehtCeZ7TE+/os9f1GO7ZZWTxuLCh8utHAYYhHCcn4xRgpvTTDehMIw3K33cQY3hLyQ==",
			"requires": {
				"can-event-queue": "1.0.1",
				"can-key-tree": "1.0.2",
				"can-log": "1.0.0",
				"can-namespace": "1.0.0",
				"can-observation-recorder": "1.1.1",
				"can-queues": "1.0.1",
				"can-reflect": "1.16.1",
				"can-symbol": "1.6.1"
			}
		},
		"can-observation-recorder": {
			"version": "1.1.1",
			"resolved": "https://registry.npmjs.org/can-observation-recorder/-/can-observation-recorder-1.1.1.tgz",
			"integrity": "sha512-gABzXQ64KQbeyFo4O+EsmbdYhuvP8m9gUmb/PWde9pkBtGBgn7PNHQf5RL7fc//FZdxP2GlRGGwGEU42Na7mIw==",
			"requires": {
				"can-namespace": "1.0.0",
				"can-symbol": "1.6.1"
			}
		},
		"can-param": {
			"version": "1.0.4",
			"resolved": "https://registry.npmjs.org/can-param/-/can-param-1.0.4.tgz",
			"integrity": "sha512-cmq6LrIK+Vx0ojnb/VKH6UcAUoTfxBRe8tCR7lx0wdXs2DC/t4lnqQmddZp2waN6iQ9eJMtLvOQNEEiaxaP1XA==",
			"requires": {
				"can-namespace": "1.0.0"
			}
		},
		"can-parse-uri": {
			"version": "1.1.0",
			"resolved": "https://registry.npmjs.org/can-parse-uri/-/can-parse-uri-1.1.0.tgz",
			"integrity": "sha512-mfOQkOk5lOyUp1IV4S8LI9ixllZ1jz7o+98/aUvkxl7tbG6qMfuhB1kzZg+rDq7Wi169CU2OUYyYZ7TtkJ1dUA==",
			"requires": {
				"can-namespace": "1.0.0"
			}
		},
		"can-queues": {
			"version": "1.0.1",
			"resolved": "https://registry.npmjs.org/can-queues/-/can-queues-1.0.1.tgz",
			"integrity": "sha512-vD1oPzM8wto8nUT0jYhTw+/LBtuSGRRNe33VvXpkhT/YtOZCBG9ecg9Q8MCq8TtEssfN90EtiOPRTm4FF6O99g==",
			"requires": {
				"can-assign": "1.1.1",
				"can-log": "1.0.0",
				"can-namespace": "1.0.0",
				"can-util": "3.11.5"
			}
		},
		"can-reflect": {
			"version": "1.16.1",
			"resolved": "https://registry.npmjs.org/can-reflect/-/can-reflect-1.16.1.tgz",
			"integrity": "sha512-T9C7KWGIWpu4TYeLCmVwi5K03BSLPRfOQv+px6NLcCTA9KHrDyYOLP1tpZ8IXVNZ5jde9qTN9tm3RbAbxavRYA==",
			"requires": {
				"can-namespace": "1.0.0",
				"can-symbol": "1.6.1"
			}
		},
		"can-reflect-dependencies": {
			"version": "1.0.2",
			"resolved": "https://registry.npmjs.org/can-reflect-dependencies/-/can-reflect-dependencies-1.0.2.tgz",
			"integrity": "sha512-VLzNSWowKfC7x7J5YngBXIoNcByjaYW5fxTLPgmDpfzAFMelypO7p5gcCan/ImymDzzKoN7mO9NNDrgvwzlNJQ==",
			"requires": {
				"can-reflect": "1.16.1",
				"can-symbol": "1.6.1"
			}
		},
		"can-reflect-promise": {
			"version": "2.0.1",
			"resolved": "https://registry.npmjs.org/can-reflect-promise/-/can-reflect-promise-2.0.1.tgz",
			"integrity": "sha512-slTyeUlFwzxuc+m07gCKSY9Y+fcZaSWUlJjMGMx34LTsycxGVsfRlTSCw/sL2Hu1uGQ7+LMkrtQUbMYnBzpJOw==",
			"requires": {
				"can-key-tree": "1.0.2",
				"can-log": "1.0.0",
				"can-observation": "4.0.1",
				"can-observation-recorder": "1.1.1",
				"can-queues": "1.0.1",
				"can-reflect": "1.16.1",
				"can-symbol": "1.6.1",
				"can-util": "3.11.5"
			}
		},
		"can-simple-map": {
			"version": "4.0.1",
			"resolved": "https://registry.npmjs.org/can-simple-map/-/can-simple-map-4.0.1.tgz",
			"integrity": "sha512-V08/Je69SdjxNc1L686o6rtpvV8P5642nNUAcnkxamw/X7aIsRDbHNzXUps8Qaug4WqNqTGBXb1NctbBtw5HuQ==",
			"requires": {
				"can-construct": "3.3.1",
				"can-event-queue": "1.0.1",
				"can-key-tree": "1.0.2",
				"can-log": "1.0.0",
				"can-observation": "4.0.1",
				"can-observation-recorder": "1.1.1",
				"can-queues": "1.0.1",
				"can-reflect": "1.16.1",
				"can-symbol": "1.6.1",
				"can-util": "3.11.5"
			}
		},
		"can-simple-observable": {
			"version": "2.0.4",
			"resolved": "https://registry.npmjs.org/can-simple-observable/-/can-simple-observable-2.0.4.tgz",
			"integrity": "sha512-aH093lREaRLjj3BFMVX4igxiMwoCV9GfBUR22FmHwXX/bE3u5svpXtpxq+apyABikTNQb26ivAgBIa7GleZ9Mg==",
			"requires": {
				"can-event-queue": "1.0.1",
				"can-key-tree": "1.0.2",
				"can-log": "1.0.0",
				"can-namespace": "1.0.0",
				"can-observation": "4.0.1",
				"can-observation-recorder": "1.1.1",
				"can-queues": "1.0.1",
				"can-reflect": "1.16.1",
				"can-symbol": "1.6.1",
				"can-util": "3.11.5"
			}
		},
		"can-stache": {
			"version": "4.3.4",
			"resolved": "https://registry.npmjs.org/can-stache/-/can-stache-4.3.4.tgz",
			"integrity": "sha512-HZuod+iyxGQB1kmwf0ai+ec5/8Z0R8pacbL0P8uJ34Ui397oRRWtYCdKlFGq80hNBwiSl5LqSG+WZVhNbiEmmg==",
			"requires": {
				"can-assign": "1.1.1",
				"can-attribute-encoder": "1.0.4",
				"can-dom-data": "1.0.1",
				"can-dom-data-state": "1.0.1",
				"can-dom-mutate": "1.0.4",
				"can-globals": "1.0.1",
				"can-log": "1.0.0",
				"can-namespace": "1.0.0",
				"can-observation": "4.0.1",
				"can-observation-recorder": "1.1.1",
				"can-reflect": "1.16.1",
				"can-simple-observable": "2.0.4",
				"can-stache-ast": "1.0.0",
				"can-stache-helpers": "1.0.0",
				"can-stache-key": "1.0.2",
				"can-symbol": "1.6.1",
				"can-util": "3.11.5",
				"can-view-callbacks": "4.0.1",
				"can-view-live": "4.0.6",
				"can-view-nodelist": "4.0.2",
				"can-view-parser": "4.0.2",
				"can-view-scope": "4.1.1",
				"can-view-target": "4.0.1"
			}
		},
		"can-stache-ast": {
			"version": "1.0.0",
			"resolved": "https://registry.npmjs.org/can-stache-ast/-/can-stache-ast-1.0.0.tgz",
			"integrity": "sha512-kJmhL1GV3GjHyhJEdn+D0ITRyR8eZ4jQwfIMB+MxMsdgxRxmWEteYi9M2Kd9pXQtA1Unkm4ZUAVd2WXbeA5mAQ==",
			"requires": {
				"can-view-parser": "4.0.2"
			}
		},
		"can-stache-bindings": {
			"version": "4.1.3",
			"resolved": "https://registry.npmjs.org/can-stache-bindings/-/can-stache-bindings-4.1.3.tgz",
			"integrity": "sha512-Z/otk7fcB1Davu7amPgVLTxQx63fqjjSiyOYA4lrzI9+NRjbuzCi1valT5Se75vt+EqQUGV4MFEqDTqeXFxW+A==",
			"requires": {
				"can-attribute-encoder": "1.0.4",
				"can-attribute-observable": "0.2.2",
				"can-dom-data-state": "1.0.1",
				"can-dom-events": "1.2.0",
				"can-dom-mutate": "1.0.4",
				"can-event-queue": "1.0.1",
				"can-log": "1.0.0",
				"can-observation-recorder": "1.1.1",
				"can-queues": "1.0.1",
				"can-reflect": "1.16.1",
				"can-reflect-dependencies": "1.0.2",
				"can-simple-map": "4.0.1",
				"can-simple-observable": "2.0.4",
				"can-stache": "4.3.4",
				"can-stache-key": "1.0.2",
				"can-symbol": "1.6.1",
				"can-util": "3.11.5",
				"can-view-callbacks": "4.0.1",
				"can-view-live": "4.0.6",
				"can-view-model": "4.0.1",
				"can-view-scope": "4.1.1"
			}
		},
		"can-stache-helpers": {
			"version": "1.0.0",
			"resolved": "https://registry.npmjs.org/can-stache-helpers/-/can-stache-helpers-1.0.0.tgz",
			"integrity": "sha512-OR+cLZF1H5S+eW8o5ca4WfmdD8c29HXbUMC3HIXeLG+oOM6DEv5WdEzwvoKhKqNtrdG2nmOsijUX4xbVLaBhZg==",
			"requires": {
				"can-namespace": "1.0.0"
			}
		},
		"can-stache-key": {
			"version": "1.0.2",
			"resolved": "https://registry.npmjs.org/can-stache-key/-/can-stache-key-1.0.2.tgz",
			"integrity": "sha512-vaiXeHtVh8r6xp0dBtvs0I5o0rzza/Shjf3H13L/jnhfffWxmCoyIv3H2XONXmjktryEpa05UgfNaCHUxjAKPA==",
			"requires": {
				"can-log": "1.0.0",
				"can-namespace": "1.0.0",
				"can-observation-recorder": "1.1.1",
				"can-reflect": "1.16.1",
				"can-reflect-promise": "2.0.1",
				"can-symbol": "1.6.1",
				"can-util": "3.11.5"
			}
		},
		"can-symbol": {
			"version": "1.6.1",
			"resolved": "https://registry.npmjs.org/can-symbol/-/can-symbol-1.6.1.tgz",
			"integrity": "sha512-C2xIYJcVQ+FW/RrXXKQOoZXnEFqKM28qsPPrmDiV5Bx+kSqms8cnRMqt4SoZ7+89OMv5PSReRJ7fKDE06MdSCg==",
			"requires": {
				"can-namespace": "1.0.0"
			}
		},
		"can-types": {
			"version": "1.1.7",
			"resolved": "https://registry.npmjs.org/can-types/-/can-types-1.1.7.tgz",
			"integrity": "sha512-g2swl6fJT5KkGpJVmOrjWZWKj/k6u391g2C/EHPArT5/jKd0JeVr1mbgg1WfsMElLtSnDXFGU2o9ryd77Rz1jg==",
			"requires": {
				"can-globals": "1.0.1",
				"can-log": "1.0.0",
				"can-namespace": "1.0.0",
				"can-reflect": "1.16.1",
				"can-symbol": "1.6.1"
			}
		},
		"can-util": {
			"version": "3.11.5",
			"resolved": "https://registry.npmjs.org/can-util/-/can-util-3.11.5.tgz",
			"integrity": "sha512-oH36krvvEkhyseT892UShg3vrHYy5oyC5uyzFDn64nQB1re2kKgAYvxy4FkxV6BPFVyCG5dVe8e4Sm85pXwTGA==",
			"requires": {
				"can-ajax": "1.1.4",
				"can-assign": "1.1.1",
				"can-cid": "1.1.2",
				"can-deparam": "1.1.1",
				"can-dom-data-state": "0.2.0",
				"can-event-dom-enter": "1.0.4",
				"can-event-dom-radiochange": "1.0.5",
				"can-globals": "1.0.1",
				"can-log": "1.0.0",
				"can-namespace": "1.0.0",
				"can-param": "1.0.4",
				"can-parse-uri": "1.1.0",
				"can-reflect": "1.16.1",
				"can-symbol": "1.6.1",
				"can-types": "1.1.7"
			},
			"dependencies": {
				"can-dom-data-state": {
					"version": "0.2.0",
					"resolved": "https://registry.npmjs.org/can-dom-data-state/-/can-dom-data-state-0.2.0.tgz",
					"integrity": "sha512-U3uVbylOtH2QEB6nb7qm8HlPtPHF7YnG7V2wE6PaFylUXu/RErmeIBWgP5m8ldou3eyIGOTeyIGj0qGBB0yW6A==",
					"requires": {
						"can-cid": "1.1.2",
						"can-namespace": "1.0.0"
					}
				}
			}
		},
		"can-view-callbacks": {
			"version": "4.0.1",
			"resolved": "https://registry.npmjs.org/can-view-callbacks/-/can-view-callbacks-4.0.1.tgz",
			"integrity": "sha512-zCKqLNuDiXvbUhsf5bezhRyu58Wq06zlZwSoiSHdYCBnjwcxYUtBGs+H57lgU+ACrPq/UETKVusjweVyj2h53A==",
			"requires": {
				"can-dom-mutate": "1.0.4",
				"can-globals": "1.0.1",
				"can-log": "1.0.0",
				"can-namespace": "1.0.0",
				"can-observation-recorder": "1.1.1",
				"can-util": "3.11.5",
				"can-view-nodelist": "4.0.2"
			}
		},
		"can-view-live": {
			"version": "4.0.6",
			"resolved": "https://registry.npmjs.org/can-view-live/-/can-view-live-4.0.6.tgz",
			"integrity": "sha512-9t3iow3BPOXVO6JyqZe1njeMeIKp/u5YsVeCx/L0VE6xujYwnmhLIRfAV7qdbZUGG6D0L99oXARKDEf0jDmyag==",
			"requires": {
				"can-attribute-observable": "0.2.2",
				"can-dom-mutate": "1.0.4",
				"can-observation": "4.0.1",
				"can-queues": "1.0.1",
				"can-reflect": "1.16.1",
				"can-reflect-dependencies": "1.0.2",
				"can-simple-observable": "2.0.4",
				"can-symbol": "1.6.1",
				"can-util": "3.11.5",
				"can-view-callbacks": "4.0.1",
				"can-view-nodelist": "4.0.2",
				"can-view-parser": "4.0.2",
				"can-view-target": "4.0.1"
			}
		},
		"can-view-model": {
			"version": "4.0.1",
			"resolved": "https://registry.npmjs.org/can-view-model/-/can-view-model-4.0.1.tgz",
			"integrity": "sha512-GTGF0TcOeoJwLb6UwsPDdiWmQZXRbJWeWjwWDcuu7+5B8DvWSQuWpa2u0SWcapvGVm/MasbNvjxYVrUgmsJttw==",
			"requires": {
				"can-globals": "1.0.1",
				"can-namespace": "1.0.0",
				"can-reflect": "1.16.1",
				"can-simple-map": "4.0.1",
				"can-symbol": "1.6.1"
			}
		},
		"can-view-nodelist": {
			"version": "4.0.2",
			"resolved": "https://registry.npmjs.org/can-view-nodelist/-/can-view-nodelist-4.0.2.tgz",
			"integrity": "sha512-5hTLNiANzsZzu7hIPaNl46letIMiqIreWZegCRjy/DGnk3bX3wQwchMWk102He23q/uY6g21UZSMWwKlNvSqzQ==",
			"requires": {
				"can-dom-mutate": "1.0.4",
				"can-namespace": "1.0.0",
				"can-util": "3.11.5"
			}
		},
		"can-view-parser": {
			"version": "4.0.2",
			"resolved": "https://registry.npmjs.org/can-view-parser/-/can-view-parser-4.0.2.tgz",
			"integrity": "sha512-gbRrHzS2gtebmwBInOy9jGV67OtaI8oCvxNc17Xor4vOIa6QulVIlY31cIjx/OCfoTgPoSBzsvsthYStb/IC2A==",
			"requires": {
				"can-attribute-encoder": "1.0.4",
				"can-log": "1.0.0",
				"can-namespace": "1.0.0"
			}
		},
		"can-view-scope": {
			"version": "4.1.1",
			"resolved": "https://registry.npmjs.org/can-view-scope/-/can-view-scope-4.1.1.tgz",
			"integrity": "sha512-mmJAJO5gTCCN65fZE/rYHxZVO5v58R3qlfHgv2ZrIuucgVHpxuzcBqYqng6WYd/M0O8okNce3RejXujkwm1sKA==",
			"requires": {
				"can-assign": "1.1.1",
				"can-construct": "3.3.1",
				"can-define-lazy-value": "1.0.2",
				"can-event-queue": "1.0.1",
				"can-key-tree": "1.0.2",
				"can-log": "1.0.0",
				"can-namespace": "1.0.0",
				"can-observation": "4.0.1",
				"can-observation-recorder": "1.1.1",
				"can-queues": "1.0.1",
				"can-reflect": "1.16.1",
				"can-reflect-dependencies": "1.0.2",
				"can-simple-map": "4.0.1",
				"can-stache-helpers": "1.0.0",
				"can-stache-key": "1.0.2",
				"can-symbol": "1.6.1",
				"can-util": "3.11.5"
			}
		},
		"can-view-target": {
			"version": "4.0.1",
			"resolved": "https://registry.npmjs.org/can-view-target/-/can-view-target-4.0.1.tgz",
			"integrity": "sha512-6oI8z0MQvdXpM6f/3PwKFxTLGEwM+eGVGnXgHKkg4196V/lpIrQE1Bev2RRoGD6fXJ51ZwTiEvDs1705Lb6njA==",
			"requires": {
				"can-dom-mutate": "1.0.4",
				"can-globals": "1.0.1",
				"can-namespace": "1.0.0"
			}
		}
	}
}
