{
	"requires": true,
	"lockfileVersion": 1,
	"dependencies": {
		"@angular/common": {
			"version": "6.0.1",
			"resolved": "https://registry.npmjs.org/@angular/common/-/common-6.0.1.tgz",
			"integrity": "sha512-okxtOHE05Eaa7w6YCL2idXUHPTwrea5CEVXjA36zSZ9qtlB/IYcjYI9Opo5l8SE5Qy/eqpDdoanax1NM6xbtqw==",
			"requires": {
				"tslib": "1.9.1"
			}
		},
		"@angular/compiler": {
			"version": "6.0.1",
			"resolved": "https://registry.npmjs.org/@angular/compiler/-/compiler-6.0.1.tgz",
			"integrity": "sha512-yGucUdNo/8gWIWScpMu9gDYh9wOse+OXJapqBR7JtUowW24PWgICTslWbre4d0PAcueaWhLQo4YqqF689UDfhQ==",
			"requires": {
				"tslib": "1.9.1"
			}
		},
		"@angular/core": {
			"version": "6.0.1",
			"resolved": "https://registry.npmjs.org/@angular/core/-/core-6.0.1.tgz",
			"integrity": "sha512-w9fYaWSk0WrtdvKOvH5KDoRaZ3FhleKVgbbJ0skMsgmro1vrO5j2iIO88AJdbT7k+FAyC+eTtNS8Koqd4ranQg==",
			"requires": {
				"tslib": "1.9.1"
			}
		},
		"@angular/forms": {
			"version": "6.0.1",
			"resolved": "https://registry.npmjs.org/@angular/forms/-/forms-6.0.1.tgz",
			"integrity": "sha512-YCKTxWh1HmYhXXyFYR/V+pxMqD+02Q5TjDOlzBond5uQUSxC+oJEfhUWUuCYi4QmnTsfWnaI0RKwKsBQvmDzIA==",
			"requires": {
				"tslib": "1.9.1"
			}
		},
		"@angular/http": {
			"version": "6.0.1",
			"resolved": "https://registry.npmjs.org/@angular/http/-/http-6.0.1.tgz",
			"integrity": "sha512-h60MgZg8/m6Rh0X9NTqwzBVDArXwoEOxz79FvQ29tppZejAHPdv0fQyck+3U6I+wOEGvJq03z8unl1Szji2rXg==",
			"requires": {
				"tslib": "1.9.1"
			}
		},
		"@angular/platform-browser": {
			"version": "6.0.1",
			"resolved": "https://registry.npmjs.org/@angular/platform-browser/-/platform-browser-6.0.1.tgz",
			"integrity": "sha512-F5eu2kHBtd7CqEuYI8CArEY8qYVBIQIYxEAmczyNOv3CLqxdEq23GLVFMDiVT7RpzaZPIxFoGvhEhnUhDeaVDw==",
			"requires": {
				"tslib": "1.9.1"
			}
		},
		"@angular/platform-browser-dynamic": {
			"version": "6.0.1",
			"resolved": "https://registry.npmjs.org/@angular/platform-browser-dynamic/-/platform-browser-dynamic-6.0.1.tgz",
			"integrity": "sha512-eKZRua98kEC0THSEeGXSk7j9wGn3AtrvElsY59bt7gnWWU4nY6y7Dem6kVjXb+MDkH9ESPyC0uavARdUq2kYuw==",
			"requires": {
				"tslib": "1.9.1"
			}
		},
		"@angular/router": {
			"version": "6.0.1",
			"resolved": "https://registry.npmjs.org/@angular/router/-/router-6.0.1.tgz",
			"integrity": "sha512-NcVCLCEhV+999/RvED/JwKjAVi288V3wF5SNS/E4NiLU13FCDy6jO32+BhVRgJt/XLNY4IxnXUISukkMBGPI8Q==",
			"requires": {
				"tslib": "1.9.1"
			}
		},
		"angular2-template-loader": {
			"version": "0.6.2",
			"resolved": "https://registry.npmjs.org/angular2-template-loader/-/angular2-template-loader-0.6.2.tgz",
			"integrity": "sha1-wNROkP/w+sleiyPwQ6zaf9HFHXw=",
			"requires": {
				"loader-utils": "0.2.17"
			}
		},
		"arr-diff": {
			"version": "4.0.0",
			"resolved": "https://registry.npmjs.org/arr-diff/-/arr-diff-4.0.0.tgz",
			"integrity": "sha1-1kYQdP6/7HHn4VI1dhoyml3HxSA="
		},
		"arr-flatten": {
			"version": "1.1.0",
			"resolved": "https://registry.npmjs.org/arr-flatten/-/arr-flatten-1.1.0.tgz",
			"integrity": "sha512-L3hKV5R/p5o81R7O02IGnwpDmkp6E982XhtbuwSe3O4qOtMMMtodicASA1Cny2U+aCXcNpml+m4dPsvsJ3jatg=="
		},
		"arr-union": {
			"version": "3.1.0",
			"resolved": "https://registry.npmjs.org/arr-union/-/arr-union-3.1.0.tgz",
			"integrity": "sha1-45sJrqne+Gao8gbiiK9jkZuuOcQ="
		},
		"array-unique": {
			"version": "0.3.2",
			"resolved": "https://registry.npmjs.org/array-unique/-/array-unique-0.3.2.tgz",
			"integrity": "sha1-qJS3XUvE9s1nnvMkSp/Y9Gri1Cg="
		},
		"assign-symbols": {
			"version": "1.0.0",
			"resolved": "https://registry.npmjs.org/assign-symbols/-/assign-symbols-1.0.0.tgz",
			"integrity": "sha1-WWZ/QfrdTyDMvCu5a41Pf3jsA2c="
		},
		"atob": {
			"version": "2.1.1",
			"resolved": "https://registry.npmjs.org/atob/-/atob-2.1.1.tgz",
			"integrity": "sha1-ri1acpR38onWDdf5amMUoi3Wwio="
		},
		"awesome-typescript-loader": {
			"version": "3.4.1",
			"resolved": "https://registry.npmjs.org/awesome-typescript-loader/-/awesome-typescript-loader-3.4.1.tgz",
			"integrity": "sha512-fYxBtN6s4Dm6vtsROWi8IQ4I+KcmwRWePAVvhI06mFcHbtHfZopOs4qGNu9LyCPEw403LDROKFA+NVV6ig5yNw==",
			"requires": {
				"colors": "1.2.5",
				"enhanced-resolve": "3.3.0",
				"loader-utils": "1.1.0",
				"lodash": "4.17.10",
				"micromatch": "3.1.10",
				"mkdirp": "0.5.1",
				"object-assign": "4.1.1",
				"source-map-support": "0.4.18"
			},
			"dependencies": {
				"loader-utils": {
					"version": "1.1.0",
					"resolved": "https://registry.npmjs.org/loader-utils/-/loader-utils-1.1.0.tgz",
					"integrity": "sha1-yYrvSIvM7aL/teLeZG1qdUQp9c0=",
					"requires": {
						"big.js": "3.2.0",
						"emojis-list": "2.1.0",
						"json5": "0.5.1"
					}
				}
			}
		},
		"base": {
			"version": "0.11.2",
			"resolved": "https://registry.npmjs.org/base/-/base-0.11.2.tgz",
			"integrity": "sha512-5T6P4xPgpp0YDFvSWwEZ4NoE3aM4QBQXDzmVbraCkFj8zHM+mba8SyqB5DbZWyR7mYHo6Y7BdQo3MoA4m0TeQg==",
			"requires": {
				"cache-base": "1.0.1",
				"class-utils": "0.3.6",
				"component-emitter": "1.2.1",
				"define-property": "1.0.0",
				"isobject": "3.0.1",
				"mixin-deep": "1.3.1",
				"pascalcase": "0.1.1"
			},
			"dependencies": {
				"define-property": {
					"version": "1.0.0",
					"resolved": "https://registry.npmjs.org/define-property/-/define-property-1.0.0.tgz",
					"integrity": "sha1-dp66rz9KY6rTr56NMEybvnm/sOY=",
					"requires": {
						"is-descriptor": "1.0.2"
					}
				},
				"is-accessor-descriptor": {
					"version": "1.0.0",
					"resolved": "https://registry.npmjs.org/is-accessor-descriptor/-/is-accessor-descriptor-1.0.0.tgz",
					"integrity": "sha512-m5hnHTkcVsPfqx3AKlyttIPb7J+XykHvJP2B9bZDjlhLIoEq4XoK64Vg7boZlVWYK6LUY94dYPEE7Lh0ZkZKcQ==",
					"requires": {
						"kind-of": "6.0.2"
					}
				},
				"is-data-descriptor": {
					"version": "1.0.0",
					"resolved": "https://registry.npmjs.org/is-data-descriptor/-/is-data-descriptor-1.0.0.tgz",
					"integrity": "sha512-jbRXy1FmtAoCjQkVmIVYwuuqDFUbaOeDjmed1tOGPrsMhtJA4rD9tkgA0F1qJ3gRFRXcHYVkdeaP50Q5rE/jLQ==",
					"requires": {
						"kind-of": "6.0.2"
					}
				},
				"is-descriptor": {
					"version": "1.0.2",
					"resolved": "https://registry.npmjs.org/is-descriptor/-/is-descriptor-1.0.2.tgz",
					"integrity": "sha512-2eis5WqQGV7peooDyLmNEPUrps9+SXX5c9pL3xEB+4e9HnGuDa7mB7kHxHw4CbqS9k1T2hOH3miL8n8WtiYVtg==",
					"requires": {
						"is-accessor-descriptor": "1.0.0",
						"is-data-descriptor": "1.0.0",
						"kind-of": "6.0.2"
					}
				}
			}
		},
		"big.js": {
			"version": "3.2.0",
			"resolved": "https://registry.npmjs.org/big.js/-/big.js-3.2.0.tgz",
			"integrity": "sha512-+hN/Zh2D08Mx65pZ/4g5bsmNiZUuChDiQfTUQ7qJr4/kuopCr88xZsAXv6mBoZEsUI4OuGHlX59qE94K2mMW8Q=="
		},
		"braces": {
			"version": "2.3.2",
			"resolved": "https://registry.npmjs.org/braces/-/braces-2.3.2.tgz",
			"integrity": "sha512-aNdbnj9P8PjdXU4ybaWLK2IF3jc/EoDYbC7AazW6to3TRsfXxscC9UXOB5iDiEQrkyIbWp2SLQda4+QAa7nc3w==",
			"requires": {
				"arr-flatten": "1.1.0",
				"array-unique": "0.3.2",
				"extend-shallow": "2.0.1",
				"fill-range": "4.0.0",
				"isobject": "3.0.1",
				"repeat-element": "1.1.2",
				"snapdragon": "0.8.2",
				"snapdragon-node": "2.1.1",
				"split-string": "3.1.0",
				"to-regex": "3.0.2"
			},
			"dependencies": {
				"extend-shallow": {
					"version": "2.0.1",
					"resolved": "https://registry.npmjs.org/extend-shallow/-/extend-shallow-2.0.1.tgz",
					"integrity": "sha1-Ua99YUrZqfYQ6huvu5idaxxWiQ8=",
					"requires": {
						"is-extendable": "0.1.1"
					}
				}
			}
		},
		"cache-base": {
			"version": "1.0.1",
			"resolved": "https://registry.npmjs.org/cache-base/-/cache-base-1.0.1.tgz",
			"integrity": "sha512-AKcdTnFSWATd5/GCPRxr2ChwIJ85CeyrEyjRHlKxQ56d4XJMGym0uAiKn0xbLOGOl3+yRpOTi484dVCEc5AUzQ==",
			"requires": {
				"collection-visit": "1.0.0",
				"component-emitter": "1.2.1",
				"get-value": "2.0.6",
				"has-value": "1.0.0",
				"isobject": "3.0.1",
				"set-value": "2.0.0",
				"to-object-path": "0.3.0",
				"union-value": "1.0.0",
				"unset-value": "1.0.0"
			}
		},
		"class-utils": {
			"version": "0.3.6",
			"resolved": "https://registry.npmjs.org/class-utils/-/class-utils-0.3.6.tgz",
			"integrity": "sha512-qOhPa/Fj7s6TY8H8esGu5QNpMMQxz79h+urzrNYN6mn+9BnxlDGf5QZ+XeCDsxSjPqsSR56XOZOJmpeurnLMeg==",
			"requires": {
				"arr-union": "3.1.0",
				"define-property": "0.2.5",
				"isobject": "3.0.1",
				"static-extend": "0.1.2"
			},
			"dependencies": {
				"define-property": {
					"version": "0.2.5",
					"resolved": "https://registry.npmjs.org/define-property/-/define-property-0.2.5.tgz",
					"integrity": "sha1-w1se+RjsPJkPmlvFe+BKrOxcgRY=",
					"requires": {
						"is-descriptor": "0.1.6"
					}
				}
			}
		},
		"collection-visit": {
			"version": "1.0.0",
			"resolved": "https://registry.npmjs.org/collection-visit/-/collection-visit-1.0.0.tgz",
			"integrity": "sha1-S8A3PBZLwykbTTaMgpzxqApZ3KA=",
			"requires": {
				"map-visit": "1.0.0",
				"object-visit": "1.0.1"
			}
		},
		"colors": {
			"version": "1.2.5",
			"resolved": "https://registry.npmjs.org/colors/-/colors-1.2.5.tgz",
			"integrity": "sha512-erNRLao/Y3Fv54qUa0LBB+//Uf3YwMUmdJinN20yMXm9zdKKqH9wt7R9IIVZ+K7ShzfpLV/Zg8+VyrBJYB4lpg=="
		},
		"component-emitter": {
			"version": "1.2.1",
			"resolved": "https://registry.npmjs.org/component-emitter/-/component-emitter-1.2.1.tgz",
			"integrity": "sha1-E3kY1teCg/ffemt8WmPhQOaUJeY="
		},
		"copy-descriptor": {
			"version": "0.1.1",
			"resolved": "https://registry.npmjs.org/copy-descriptor/-/copy-descriptor-0.1.1.tgz",
			"integrity": "sha1-Z29us8OZl8LuGsOpJP1hJHSPV40="
		},
		"core-js": {
			"version": "2.5.3",
			"resolved": "https://registry.npmjs.org/core-js/-/core-js-2.5.3.tgz",
			"integrity": "sha1-isw4NFgk8W2DZbfJtCWRaOjtYD4="
		},
		"core-util-is": {
			"version": "1.0.2",
			"resolved": "https://registry.npmjs.org/core-util-is/-/core-util-is-1.0.2.tgz",
			"integrity": "sha1-tf1UIgqivFq1eqtxQMlAdUUDwac="
		},
		"debug": {
			"version": "2.6.9",
			"resolved": "https://registry.npmjs.org/debug/-/debug-2.6.9.tgz",
			"integrity": "sha512-bC7ElrdJaJnPbAP+1EotYvqZsb3ecl5wi6Bfi6BJTUcNowp6cvspg0jXznRTKDjm/E7AdgFBVeAPVMNcKGsHMA==",
			"requires": {
				"ms": "2.0.0"
			}
		},
		"decode-uri-component": {
			"version": "0.2.0",
			"resolved": "https://registry.npmjs.org/decode-uri-component/-/decode-uri-component-0.2.0.tgz",
			"integrity": "sha1-6zkTMzRYd1y4TNGh+uBiEGu4dUU="
		},
		"define-property": {
			"version": "2.0.2",
			"resolved": "https://registry.npmjs.org/define-property/-/define-property-2.0.2.tgz",
			"integrity": "sha512-jwK2UV4cnPpbcG7+VRARKTZPUWowwXA8bzH5NP6ud0oeAxyYPuGZUAC7hMugpCdz4BeSZl2Dl9k66CHJ/46ZYQ==",
			"requires": {
				"is-descriptor": "1.0.2",
				"isobject": "3.0.1"
			},
			"dependencies": {
				"is-accessor-descriptor": {
					"version": "1.0.0",
					"resolved": "https://registry.npmjs.org/is-accessor-descriptor/-/is-accessor-descriptor-1.0.0.tgz",
					"integrity": "sha512-m5hnHTkcVsPfqx3AKlyttIPb7J+XykHvJP2B9bZDjlhLIoEq4XoK64Vg7boZlVWYK6LUY94dYPEE7Lh0ZkZKcQ==",
					"requires": {
						"kind-of": "6.0.2"
					}
				},
				"is-data-descriptor": {
					"version": "1.0.0",
					"resolved": "https://registry.npmjs.org/is-data-descriptor/-/is-data-descriptor-1.0.0.tgz",
					"integrity": "sha512-jbRXy1FmtAoCjQkVmIVYwuuqDFUbaOeDjmed1tOGPrsMhtJA4rD9tkgA0F1qJ3gRFRXcHYVkdeaP50Q5rE/jLQ==",
					"requires": {
						"kind-of": "6.0.2"
					}
				},
				"is-descriptor": {
					"version": "1.0.2",
					"resolved": "https://registry.npmjs.org/is-descriptor/-/is-descriptor-1.0.2.tgz",
					"integrity": "sha512-2eis5WqQGV7peooDyLmNEPUrps9+SXX5c9pL3xEB+4e9HnGuDa7mB7kHxHw4CbqS9k1T2hOH3miL8n8WtiYVtg==",
					"requires": {
						"is-accessor-descriptor": "1.0.0",
						"is-data-descriptor": "1.0.0",
						"kind-of": "6.0.2"
					}
				}
			}
		},
		"emojis-list": {
			"version": "2.1.0",
			"resolved": "https://registry.npmjs.org/emojis-list/-/emojis-list-2.1.0.tgz",
			"integrity": "sha1-TapNnbAPmBmIDHn6RXrlsJof04k="
		},
		"enhanced-resolve": {
			"version": "3.3.0",
			"resolved": "https://registry.npmjs.org/enhanced-resolve/-/enhanced-resolve-3.3.0.tgz",
			"integrity": "sha512-2qbxE7ek3YxPJ1ML6V+satHkzHpJQKWkRHmRx6mfAoW59yP8YH8BFplbegSP+u2hBd6B6KCOpvJQ3dZAP+hkpg==",
			"requires": {
				"graceful-fs": "4.1.11",
				"memory-fs": "0.4.1",
				"object-assign": "4.1.1",
				"tapable": "0.2.8"
			}
		},
		"errno": {
			"version": "0.1.7",
			"resolved": "https://registry.npmjs.org/errno/-/errno-0.1.7.tgz",
			"integrity": "sha512-MfrRBDWzIWifgq6tJj60gkAwtLNb6sQPlcFrSOflcP1aFmmruKQ2wRnze/8V6kgyz7H3FF8Npzv78mZ7XLLflg==",
			"requires": {
				"prr": "1.0.1"
			}
		},
		"expand-brackets": {
			"version": "2.1.4",
			"resolved": "https://registry.npmjs.org/expand-brackets/-/expand-brackets-2.1.4.tgz",
			"integrity": "sha1-t3c14xXOMPa27/D4OwQVGiJEliI=",
			"requires": {
				"debug": "2.6.9",
				"define-property": "0.2.5",
				"extend-shallow": "2.0.1",
				"posix-character-classes": "0.1.1",
				"regex-not": "1.0.2",
				"snapdragon": "0.8.2",
				"to-regex": "3.0.2"
			},
			"dependencies": {
				"define-property": {
					"version": "0.2.5",
					"resolved": "https://registry.npmjs.org/define-property/-/define-property-0.2.5.tgz",
					"integrity": "sha1-w1se+RjsPJkPmlvFe+BKrOxcgRY=",
					"requires": {
						"is-descriptor": "0.1.6"
					}
				},
				"extend-shallow": {
					"version": "2.0.1",
					"resolved": "https://registry.npmjs.org/extend-shallow/-/extend-shallow-2.0.1.tgz",
					"integrity": "sha1-Ua99YUrZqfYQ6huvu5idaxxWiQ8=",
					"requires": {
						"is-extendable": "0.1.1"
					}
				}
			}
		},
		"extend-shallow": {
			"version": "3.0.2",
			"resolved": "https://registry.npmjs.org/extend-shallow/-/extend-shallow-3.0.2.tgz",
			"integrity": "sha1-Jqcarwc7OfshJxcnRhMcJwQCjbg=",
			"requires": {
				"assign-symbols": "1.0.0",
				"is-extendable": "1.0.1"
			},
			"dependencies": {
				"is-extendable": {
					"version": "1.0.1",
					"resolved": "https://registry.npmjs.org/is-extendable/-/is-extendable-1.0.1.tgz",
					"integrity": "sha512-arnXMxT1hhoKo9k1LZdmlNyJdDDfy2v0fXjFlmok4+i8ul/6WlbVge9bhM74OpNPQPMGUToDtz+KXa1PneJxOA==",
					"requires": {
						"is-plain-object": "2.0.4"
					}
				}
			}
		},
		"extglob": {
			"version": "2.0.4",
			"resolved": "https://registry.npmjs.org/extglob/-/extglob-2.0.4.tgz",
			"integrity": "sha512-Nmb6QXkELsuBr24CJSkilo6UHHgbekK5UiZgfE6UHD3Eb27YC6oD+bhcT+tJ6cl8dmsgdQxnWlcry8ksBIBLpw==",
			"requires": {
				"array-unique": "0.3.2",
				"define-property": "1.0.0",
				"expand-brackets": "2.1.4",
				"extend-shallow": "2.0.1",
				"fragment-cache": "0.2.1",
				"regex-not": "1.0.2",
				"snapdragon": "0.8.2",
				"to-regex": "3.0.2"
			},
			"dependencies": {
				"define-property": {
					"version": "1.0.0",
					"resolved": "https://registry.npmjs.org/define-property/-/define-property-1.0.0.tgz",
					"integrity": "sha1-dp66rz9KY6rTr56NMEybvnm/sOY=",
					"requires": {
						"is-descriptor": "1.0.2"
					}
				},
				"extend-shallow": {
					"version": "2.0.1",
					"resolved": "https://registry.npmjs.org/extend-shallow/-/extend-shallow-2.0.1.tgz",
					"integrity": "sha1-Ua99YUrZqfYQ6huvu5idaxxWiQ8=",
					"requires": {
						"is-extendable": "0.1.1"
					}
				},
				"is-accessor-descriptor": {
					"version": "1.0.0",
					"resolved": "https://registry.npmjs.org/is-accessor-descriptor/-/is-accessor-descriptor-1.0.0.tgz",
					"integrity": "sha512-m5hnHTkcVsPfqx3AKlyttIPb7J+XykHvJP2B9bZDjlhLIoEq4XoK64Vg7boZlVWYK6LUY94dYPEE7Lh0ZkZKcQ==",
					"requires": {
						"kind-of": "6.0.2"
					}
				},
				"is-data-descriptor": {
					"version": "1.0.0",
					"resolved": "https://registry.npmjs.org/is-data-descriptor/-/is-data-descriptor-1.0.0.tgz",
					"integrity": "sha512-jbRXy1FmtAoCjQkVmIVYwuuqDFUbaOeDjmed1tOGPrsMhtJA4rD9tkgA0F1qJ3gRFRXcHYVkdeaP50Q5rE/jLQ==",
					"requires": {
						"kind-of": "6.0.2"
					}
				},
				"is-descriptor": {
					"version": "1.0.2",
					"resolved": "https://registry.npmjs.org/is-descriptor/-/is-descriptor-1.0.2.tgz",
					"integrity": "sha512-2eis5WqQGV7peooDyLmNEPUrps9+SXX5c9pL3xEB+4e9HnGuDa7mB7kHxHw4CbqS9k1T2hOH3miL8n8WtiYVtg==",
					"requires": {
						"is-accessor-descriptor": "1.0.0",
						"is-data-descriptor": "1.0.0",
						"kind-of": "6.0.2"
					}
				}
			}
		},
		"fill-range": {
			"version": "4.0.0",
			"resolved": "https://registry.npmjs.org/fill-range/-/fill-range-4.0.0.tgz",
			"integrity": "sha1-1USBHUKPmOsGpj3EAtJAPDKMOPc=",
			"requires": {
				"extend-shallow": "2.0.1",
				"is-number": "3.0.0",
				"repeat-string": "1.6.1",
				"to-regex-range": "2.1.1"
			},
			"dependencies": {
				"extend-shallow": {
					"version": "2.0.1",
					"resolved": "https://registry.npmjs.org/extend-shallow/-/extend-shallow-2.0.1.tgz",
					"integrity": "sha1-Ua99YUrZqfYQ6huvu5idaxxWiQ8=",
					"requires": {
						"is-extendable": "0.1.1"
					}
				}
			}
		},
		"for-in": {
			"version": "1.0.2",
			"resolved": "https://registry.npmjs.org/for-in/-/for-in-1.0.2.tgz",
			"integrity": "sha1-gQaNKVqBQuwKxybG4iAMMPttXoA="
		},
		"fragment-cache": {
			"version": "0.2.1",
			"resolved": "https://registry.npmjs.org/fragment-cache/-/fragment-cache-0.2.1.tgz",
			"integrity": "sha1-QpD60n8T6Jvn8zeZxrxaCr//DRk=",
			"requires": {
				"map-cache": "0.2.2"
			}
		},
		"get-value": {
			"version": "2.0.6",
			"resolved": "https://registry.npmjs.org/get-value/-/get-value-2.0.6.tgz",
			"integrity": "sha1-3BXKHGcjh8p2vTesCjlbogQqLCg="
		},
		"graceful-fs": {
			"version": "4.1.11",
			"resolved": "https://registry.npmjs.org/graceful-fs/-/graceful-fs-4.1.11.tgz",
			"integrity": "sha1-Dovf5NHduIVNZOBOp8AOKgJuVlg="
		},
		"has-value": {
			"version": "1.0.0",
			"resolved": "https://registry.npmjs.org/has-value/-/has-value-1.0.0.tgz",
			"integrity": "sha1-GLKB2lhbHFxR3vJMkw7SmgvmsXc=",
			"requires": {
				"get-value": "2.0.6",
				"has-values": "1.0.0",
				"isobject": "3.0.1"
			}
		},
		"has-values": {
			"version": "1.0.0",
			"resolved": "https://registry.npmjs.org/has-values/-/has-values-1.0.0.tgz",
			"integrity": "sha1-lbC2P+whRmGab+V/51Yo1aOe/k8=",
			"requires": {
				"is-number": "3.0.0",
				"kind-of": "4.0.0"
			},
			"dependencies": {
				"kind-of": {
					"version": "4.0.0",
					"resolved": "https://registry.npmjs.org/kind-of/-/kind-of-4.0.0.tgz",
					"integrity": "sha1-IIE989cSkosgc3hpGkUGb65y3Vc=",
					"requires": {
						"is-buffer": "1.1.6"
					}
				}
			}
		},
		"inherits": {
			"version": "2.0.3",
			"resolved": "https://registry.npmjs.org/inherits/-/inherits-2.0.3.tgz",
			"integrity": "sha1-Yzwsg+PaQqUC9SRmAiSA9CCCYd4="
		},
		"is-accessor-descriptor": {
			"version": "0.1.6",
			"resolved": "https://registry.npmjs.org/is-accessor-descriptor/-/is-accessor-descriptor-0.1.6.tgz",
			"integrity": "sha1-qeEss66Nh2cn7u84Q/igiXtcmNY=",
			"requires": {
				"kind-of": "3.2.2"
			},
			"dependencies": {
				"kind-of": {
					"version": "3.2.2",
					"resolved": "https://registry.npmjs.org/kind-of/-/kind-of-3.2.2.tgz",
					"integrity": "sha1-MeohpzS6ubuw8yRm2JOupR5KPGQ=",
					"requires": {
						"is-buffer": "1.1.6"
					}
				}
			}
		},
		"is-buffer": {
			"version": "1.1.6",
			"resolved": "https://registry.npmjs.org/is-buffer/-/is-buffer-1.1.6.tgz",
			"integrity": "sha512-NcdALwpXkTm5Zvvbk7owOUSvVvBKDgKP5/ewfXEznmQFfs4ZRmanOeKBTjRVjka3QFoN6XJ+9F3USqfHqTaU5w=="
		},
		"is-data-descriptor": {
			"version": "0.1.4",
			"resolved": "https://registry.npmjs.org/is-data-descriptor/-/is-data-descriptor-0.1.4.tgz",
			"integrity": "sha1-C17mSDiOLIYCgueT8YVv7D8wG1Y=",
			"requires": {
				"kind-of": "3.2.2"
			},
			"dependencies": {
				"kind-of": {
					"version": "3.2.2",
					"resolved": "https://registry.npmjs.org/kind-of/-/kind-of-3.2.2.tgz",
					"integrity": "sha1-MeohpzS6ubuw8yRm2JOupR5KPGQ=",
					"requires": {
						"is-buffer": "1.1.6"
					}
				}
			}
		},
		"is-descriptor": {
			"version": "0.1.6",
			"resolved": "https://registry.npmjs.org/is-descriptor/-/is-descriptor-0.1.6.tgz",
			"integrity": "sha512-avDYr0SB3DwO9zsMov0gKCESFYqCnE4hq/4z3TdUlukEy5t9C0YRq7HLrsN52NAcqXKaepeCD0n+B0arnVG3Hg==",
			"requires": {
				"is-accessor-descriptor": "0.1.6",
				"is-data-descriptor": "0.1.4",
				"kind-of": "5.1.0"
			},
			"dependencies": {
				"kind-of": {
					"version": "5.1.0",
					"resolved": "https://registry.npmjs.org/kind-of/-/kind-of-5.1.0.tgz",
					"integrity": "sha512-NGEErnH6F2vUuXDh+OlbcKW7/wOcfdRHaZ7VWtqCztfHri/++YKmP51OdWeGPuqCOba6kk2OTe5d02VmTB80Pw=="
				}
			}
		},
		"is-extendable": {
			"version": "0.1.1",
			"resolved": "https://registry.npmjs.org/is-extendable/-/is-extendable-0.1.1.tgz",
			"integrity": "sha1-YrEQ4omkcUGOPsNqYX1HLjAd/Ik="
		},
		"is-number": {
			"version": "3.0.0",
			"resolved": "https://registry.npmjs.org/is-number/-/is-number-3.0.0.tgz",
			"integrity": "sha1-JP1iAaR4LPUFYcgQJ2r8fRLXEZU=",
			"requires": {
				"kind-of": "3.2.2"
			},
			"dependencies": {
				"kind-of": {
					"version": "3.2.2",
					"resolved": "https://registry.npmjs.org/kind-of/-/kind-of-3.2.2.tgz",
					"integrity": "sha1-MeohpzS6ubuw8yRm2JOupR5KPGQ=",
					"requires": {
						"is-buffer": "1.1.6"
					}
				}
			}
		},
		"is-odd": {
			"version": "2.0.0",
			"resolved": "https://registry.npmjs.org/is-odd/-/is-odd-2.0.0.tgz",
			"integrity": "sha512-OTiixgpZAT1M4NHgS5IguFp/Vz2VI3U7Goh4/HA1adtwyLtSBrxYlcSYkhpAE07s4fKEcjrFxyvtQBND4vFQyQ==",
			"requires": {
				"is-number": "4.0.0"
			},
			"dependencies": {
				"is-number": {
					"version": "4.0.0",
					"resolved": "https://registry.npmjs.org/is-number/-/is-number-4.0.0.tgz",
					"integrity": "sha512-rSklcAIlf1OmFdyAqbnWTLVelsQ58uvZ66S/ZyawjWqIviTWCjg2PzVGw8WUA+nNuPTqb4wgA+NszrJ+08LlgQ=="
				}
			}
		},
		"is-plain-object": {
			"version": "2.0.4",
			"resolved": "https://registry.npmjs.org/is-plain-object/-/is-plain-object-2.0.4.tgz",
			"integrity": "sha512-h5PpgXkWitc38BBMYawTYMWJHFZJVnBquFE57xFpjB8pJFiF6gZ+bU+WyI/yqXiFR5mdLsgYNaPe8uao6Uv9Og==",
			"requires": {
				"isobject": "3.0.1"
			}
		},
		"is-windows": {
			"version": "1.0.2",
			"resolved": "https://registry.npmjs.org/is-windows/-/is-windows-1.0.2.tgz",
			"integrity": "sha512-eXK1UInq2bPmjyX6e3VHIzMLobc4J94i4AWn+Hpq3OU5KkrRC96OAcR3PRJ/pGu6m8TRnBHP9dkXQVsT/COVIA=="
		},
		"isarray": {
			"version": "1.0.0",
			"resolved": "https://registry.npmjs.org/isarray/-/isarray-1.0.0.tgz",
			"integrity": "sha1-u5NdSFgsuhaMBoNJV6VKPgcSTxE="
		},
		"isobject": {
			"version": "3.0.1",
			"resolved": "https://registry.npmjs.org/isobject/-/isobject-3.0.1.tgz",
			"integrity": "sha1-TkMekrEalzFjaqH5yNHMvP2reN8="
		},
		"json5": {
			"version": "0.5.1",
			"resolved": "https://registry.npmjs.org/json5/-/json5-0.5.1.tgz",
			"integrity": "sha1-Hq3nrMASA0rYTiOWdn6tn6VJWCE="
		},
		"kind-of": {
			"version": "6.0.2",
			"resolved": "https://registry.npmjs.org/kind-of/-/kind-of-6.0.2.tgz",
			"integrity": "sha512-s5kLOcnH0XqDO+FvuaLX8DDjZ18CGFk7VygH40QoKPUQhW4e2rvM0rwUq0t8IQDOwYSeLK01U90OjzBTme2QqA=="
		},
		"loader-utils": {
			"version": "0.2.17",
			"resolved": "https://registry.npmjs.org/loader-utils/-/loader-utils-0.2.17.tgz",
			"integrity": "sha1-+G5jdNQyBabmxg6RlvF8Apm/s0g=",
			"requires": {
				"big.js": "3.2.0",
				"emojis-list": "2.1.0",
				"json5": "0.5.1",
				"object-assign": "4.1.1"
			}
		},
		"lodash": {
			"version": "4.17.10",
			"resolved": "https://registry.npmjs.org/lodash/-/lodash-4.17.10.tgz",
			"integrity": "sha512-UejweD1pDoXu+AD825lWwp4ZGtSwgnpZxb3JDViD7StjQz+Nb/6l093lx4OQ0foGWNRoc19mWy7BzL+UAK2iVg=="
		},
		"map-cache": {
			"version": "0.2.2",
			"resolved": "https://registry.npmjs.org/map-cache/-/map-cache-0.2.2.tgz",
			"integrity": "sha1-wyq9C9ZSXZsFFkW7TyasXcmKDb8="
		},
		"map-visit": {
			"version": "1.0.0",
			"resolved": "https://registry.npmjs.org/map-visit/-/map-visit-1.0.0.tgz",
			"integrity": "sha1-7Nyo8TFE5mDxtb1B8S80edmN+48=",
			"requires": {
				"object-visit": "1.0.1"
			}
		},
		"memory-fs": {
			"version": "0.4.1",
			"resolved": "https://registry.npmjs.org/memory-fs/-/memory-fs-0.4.1.tgz",
			"integrity": "sha1-OpoguEYlI+RHz7x+i7gO1me/xVI=",
			"requires": {
				"errno": "0.1.7",
				"readable-stream": "2.3.6"
			}
		},
		"micromatch": {
			"version": "3.1.10",
			"resolved": "https://registry.npmjs.org/micromatch/-/micromatch-3.1.10.tgz",
			"integrity": "sha512-MWikgl9n9M3w+bpsY3He8L+w9eF9338xRl8IAO5viDizwSzziFEyUzo2xrrloB64ADbTf8uA8vRqqttDTOmccg==",
			"requires": {
				"arr-diff": "4.0.0",
				"array-unique": "0.3.2",
				"braces": "2.3.2",
				"define-property": "2.0.2",
				"extend-shallow": "3.0.2",
				"extglob": "2.0.4",
				"fragment-cache": "0.2.1",
				"kind-of": "6.0.2",
				"nanomatch": "1.2.9",
				"object.pick": "1.3.0",
				"regex-not": "1.0.2",
				"snapdragon": "0.8.2",
				"to-regex": "3.0.2"
			}
		},
		"minimist": {
			"version": "0.0.8",
			"resolved": "https://registry.npmjs.org/minimist/-/minimist-0.0.8.tgz",
			"integrity": "sha1-hX/Kv8M5fSYluCKCYuhqp6ARsF0="
		},
		"mixin-deep": {
			"version": "1.3.1",
			"resolved": "https://registry.npmjs.org/mixin-deep/-/mixin-deep-1.3.1.tgz",
			"integrity": "sha512-8ZItLHeEgaqEvd5lYBXfm4EZSFCX29Jb9K+lAHhDKzReKBQKj3R+7NOF6tjqYi9t4oI8VUfaWITJQm86wnXGNQ==",
			"requires": {
				"for-in": "1.0.2",
				"is-extendable": "1.0.1"
			},
			"dependencies": {
				"is-extendable": {
					"version": "1.0.1",
					"resolved": "https://registry.npmjs.org/is-extendable/-/is-extendable-1.0.1.tgz",
					"integrity": "sha512-arnXMxT1hhoKo9k1LZdmlNyJdDDfy2v0fXjFlmok4+i8ul/6WlbVge9bhM74OpNPQPMGUToDtz+KXa1PneJxOA==",
					"requires": {
						"is-plain-object": "2.0.4"
					}
				}
			}
		},
		"mkdirp": {
			"version": "0.5.1",
			"resolved": "https://registry.npmjs.org/mkdirp/-/mkdirp-0.5.1.tgz",
			"integrity": "sha1-MAV0OOrGz3+MR2fzhkjWaX11yQM=",
			"requires": {
				"minimist": "0.0.8"
			}
		},
		"ms": {
			"version": "2.0.0",
			"resolved": "https://registry.npmjs.org/ms/-/ms-2.0.0.tgz",
			"integrity": "sha1-VgiurfwAvmwpAd9fmGF4jeDVl8g="
		},
		"nanomatch": {
			"version": "1.2.9",
			"resolved": "https://registry.npmjs.org/nanomatch/-/nanomatch-1.2.9.tgz",
			"integrity": "sha512-n8R9bS8yQ6eSXaV6jHUpKzD8gLsin02w1HSFiegwrs9E098Ylhw5jdyKPaYqvHknHaSCKTPp7C8dGCQ0q9koXA==",
			"requires": {
				"arr-diff": "4.0.0",
				"array-unique": "0.3.2",
				"define-property": "2.0.2",
				"extend-shallow": "3.0.2",
				"fragment-cache": "0.2.1",
				"is-odd": "2.0.0",
				"is-windows": "1.0.2",
				"kind-of": "6.0.2",
				"object.pick": "1.3.0",
				"regex-not": "1.0.2",
				"snapdragon": "0.8.2",
				"to-regex": "3.0.2"
			}
		},
		"object-assign": {
			"version": "4.1.1",
			"resolved": "https://registry.npmjs.org/object-assign/-/object-assign-4.1.1.tgz",
			"integrity": "sha1-IQmtx5ZYh8/AXLvUQsrIv7s2CGM="
		},
		"object-copy": {
			"version": "0.1.0",
			"resolved": "https://registry.npmjs.org/object-copy/-/object-copy-0.1.0.tgz",
			"integrity": "sha1-fn2Fi3gb18mRpBupde04EnVOmYw=",
			"requires": {
				"copy-descriptor": "0.1.1",
				"define-property": "0.2.5",
				"kind-of": "3.2.2"
			},
			"dependencies": {
				"define-property": {
					"version": "0.2.5",
					"resolved": "https://registry.npmjs.org/define-property/-/define-property-0.2.5.tgz",
					"integrity": "sha1-w1se+RjsPJkPmlvFe+BKrOxcgRY=",
					"requires": {
						"is-descriptor": "0.1.6"
					}
				},
				"kind-of": {
					"version": "3.2.2",
					"resolved": "https://registry.npmjs.org/kind-of/-/kind-of-3.2.2.tgz",
					"integrity": "sha1-MeohpzS6ubuw8yRm2JOupR5KPGQ=",
					"requires": {
						"is-buffer": "1.1.6"
					}
				}
			}
		},
		"object-visit": {
			"version": "1.0.1",
			"resolved": "https://registry.npmjs.org/object-visit/-/object-visit-1.0.1.tgz",
			"integrity": "sha1-95xEk68MU3e1n+OdOV5BBC3QRbs=",
			"requires": {
				"isobject": "3.0.1"
			}
		},
		"object.pick": {
			"version": "1.3.0",
			"resolved": "https://registry.npmjs.org/object.pick/-/object.pick-1.3.0.tgz",
			"integrity": "sha1-h6EKxMFpS9Lhy/U1kaZhQftd10c=",
			"requires": {
				"isobject": "3.0.1"
			}
		},
		"pascalcase": {
			"version": "0.1.1",
			"resolved": "https://registry.npmjs.org/pascalcase/-/pascalcase-0.1.1.tgz",
			"integrity": "sha1-s2PlXoAGym/iF4TS2yK9FdeRfxQ="
		},
		"posix-character-classes": {
			"version": "0.1.1",
			"resolved": "https://registry.npmjs.org/posix-character-classes/-/posix-character-classes-0.1.1.tgz",
			"integrity": "sha1-AerA/jta9xoqbAL+q7jB/vfgDqs="
		},
		"process-nextick-args": {
			"version": "2.0.0",
			"resolved": "https://registry.npmjs.org/process-nextick-args/-/process-nextick-args-2.0.0.tgz",
			"integrity": "sha512-MtEC1TqN0EU5nephaJ4rAtThHtC86dNN9qCuEhtshvpVBkAW5ZO7BASN9REnF9eoXGcRub+pFuKEpOHE+HbEMw=="
		},
		"prr": {
			"version": "1.0.1",
			"resolved": "https://registry.npmjs.org/prr/-/prr-1.0.1.tgz",
			"integrity": "sha1-0/wRS6BplaRexok/SEzrHXj19HY="
		},
		"readable-stream": {
			"version": "2.3.6",
			"resolved": "https://registry.npmjs.org/readable-stream/-/readable-stream-2.3.6.tgz",
			"integrity": "sha512-tQtKA9WIAhBF3+VLAseyMqZeBjW0AHJoxOtYqSUZNJxauErmLbVm2FW1y+J/YA9dUrAC39ITejlZWhVIwawkKw==",
			"requires": {
				"core-util-is": "1.0.2",
				"inherits": "2.0.3",
				"isarray": "1.0.0",
				"process-nextick-args": "2.0.0",
				"safe-buffer": "5.1.2",
				"string_decoder": "1.1.1",
				"util-deprecate": "1.0.2"
			}
		},
		"reflect-metadata": {
			"version": "0.1.10",
			"resolved": "https://registry.npmjs.org/reflect-metadata/-/reflect-metadata-0.1.10.tgz",
			"integrity": "sha1-tPg3BEFqytiZiMmxVjXUfgO5NEo="
		},
		"regex-not": {
			"version": "1.0.2",
			"resolved": "https://registry.npmjs.org/regex-not/-/regex-not-1.0.2.tgz",
			"integrity": "sha512-J6SDjUgDxQj5NusnOtdFxDwN/+HWykR8GELwctJ7mdqhcyy1xEc4SRFHUXvxTp661YaVKAjfRLZ9cCqS6tn32A==",
			"requires": {
				"extend-shallow": "3.0.2",
				"safe-regex": "1.1.0"
			}
		},
		"repeat-element": {
			"version": "1.1.2",
			"resolved": "https://registry.npmjs.org/repeat-element/-/repeat-element-1.1.2.tgz",
			"integrity": "sha1-7wiaF40Ug7quTZPrmLT55OEdmQo="
		},
		"repeat-string": {
			"version": "1.6.1",
			"resolved": "https://registry.npmjs.org/repeat-string/-/repeat-string-1.6.1.tgz",
			"integrity": "sha1-jcrkcOHIirwtYA//Sndihtp15jc="
		},
		"resolve-url": {
			"version": "0.2.1",
			"resolved": "https://registry.npmjs.org/resolve-url/-/resolve-url-0.2.1.tgz",
			"integrity": "sha1-LGN/53yJOv0qZj/iGqkIAGjiBSo="
		},
		"ret": {
			"version": "0.1.15",
			"resolved": "https://registry.npmjs.org/ret/-/ret-0.1.15.tgz",
			"integrity": "sha512-TTlYpa+OL+vMMNG24xSlQGEJ3B/RzEfUlLct7b5G/ytav+wPrplCpVMFuwzXbkecJrb6IYo1iFb0S9v37754mg=="
		},
		"rxjs": {
			"version": "6.1.0",
			"resolved": "https://registry.npmjs.org/rxjs/-/rxjs-6.1.0.tgz",
			"integrity": "sha512-lMZdl6xbHJCSb5lmnb6nOhsoBVCyoDC5LDJQK9WWyq+tsI7KnlDIZ0r0AZAlBpRPLbwQA9kzSBAZwNIZEZ+hcw==",
			"requires": {
				"tslib": "1.9.1"
			}
		},
		"safe-buffer": {
			"version": "5.1.2",
			"resolved": "https://registry.npmjs.org/safe-buffer/-/safe-buffer-5.1.2.tgz",
			"integrity": "sha512-Gd2UZBJDkXlY7GbJxfsE8/nvKkUEU1G38c1siN6QP6a9PT9MmHB8GnpscSmMJSoF8LOIrt8ud/wPtojys4G6+g=="
		},
		"safe-regex": {
			"version": "1.1.0",
			"resolved": "https://registry.npmjs.org/safe-regex/-/safe-regex-1.1.0.tgz",
			"integrity": "sha1-QKNmnzsHfR6UPURinhV91IAjvy4=",
			"requires": {
				"ret": "0.1.15"
			}
		},
		"set-value": {
			"version": "2.0.0",
			"resolved": "https://registry.npmjs.org/set-value/-/set-value-2.0.0.tgz",
			"integrity": "sha512-hw0yxk9GT/Hr5yJEYnHNKYXkIA8mVJgd9ditYZCe16ZczcaELYYcfvaXesNACk2O8O0nTiPQcQhGUQj8JLzeeg==",
			"requires": {
				"extend-shallow": "2.0.1",
				"is-extendable": "0.1.1",
				"is-plain-object": "2.0.4",
				"split-string": "3.1.0"
			},
			"dependencies": {
				"extend-shallow": {
					"version": "2.0.1",
					"resolved": "https://registry.npmjs.org/extend-shallow/-/extend-shallow-2.0.1.tgz",
					"integrity": "sha1-Ua99YUrZqfYQ6huvu5idaxxWiQ8=",
					"requires": {
						"is-extendable": "0.1.1"
					}
				}
			}
		},
		"snapdragon": {
			"version": "0.8.2",
			"resolved": "https://registry.npmjs.org/snapdragon/-/snapdragon-0.8.2.tgz",
			"integrity": "sha512-FtyOnWN/wCHTVXOMwvSv26d+ko5vWlIDD6zoUJ7LW8vh+ZBC8QdljveRP+crNrtBwioEUWy/4dMtbBjA4ioNlg==",
			"requires": {
				"base": "0.11.2",
				"debug": "2.6.9",
				"define-property": "0.2.5",
				"extend-shallow": "2.0.1",
				"map-cache": "0.2.2",
				"source-map": "0.5.7",
				"source-map-resolve": "0.5.2",
				"use": "3.1.0"
			},
			"dependencies": {
				"define-property": {
					"version": "0.2.5",
					"resolved": "https://registry.npmjs.org/define-property/-/define-property-0.2.5.tgz",
					"integrity": "sha1-w1se+RjsPJkPmlvFe+BKrOxcgRY=",
					"requires": {
						"is-descriptor": "0.1.6"
					}
				},
				"extend-shallow": {
					"version": "2.0.1",
					"resolved": "https://registry.npmjs.org/extend-shallow/-/extend-shallow-2.0.1.tgz",
					"integrity": "sha1-Ua99YUrZqfYQ6huvu5idaxxWiQ8=",
					"requires": {
						"is-extendable": "0.1.1"
					}
				}
			}
		},
		"snapdragon-node": {
			"version": "2.1.1",
			"resolved": "https://registry.npmjs.org/snapdragon-node/-/snapdragon-node-2.1.1.tgz",
			"integrity": "sha512-O27l4xaMYt/RSQ5TR3vpWCAB5Kb/czIcqUFOM/C4fYcLnbZUc1PkjTAMjof2pBWaSTwOUd6qUHcFGVGj7aIwnw==",
			"requires": {
				"define-property": "1.0.0",
				"isobject": "3.0.1",
				"snapdragon-util": "3.0.1"
			},
			"dependencies": {
				"define-property": {
					"version": "1.0.0",
					"resolved": "https://registry.npmjs.org/define-property/-/define-property-1.0.0.tgz",
					"integrity": "sha1-dp66rz9KY6rTr56NMEybvnm/sOY=",
					"requires": {
						"is-descriptor": "1.0.2"
					}
				},
				"is-accessor-descriptor": {
					"version": "1.0.0",
					"resolved": "https://registry.npmjs.org/is-accessor-descriptor/-/is-accessor-descriptor-1.0.0.tgz",
					"integrity": "sha512-m5hnHTkcVsPfqx3AKlyttIPb7J+XykHvJP2B9bZDjlhLIoEq4XoK64Vg7boZlVWYK6LUY94dYPEE7Lh0ZkZKcQ==",
					"requires": {
						"kind-of": "6.0.2"
					}
				},
				"is-data-descriptor": {
					"version": "1.0.0",
					"resolved": "https://registry.npmjs.org/is-data-descriptor/-/is-data-descriptor-1.0.0.tgz",
					"integrity": "sha512-jbRXy1FmtAoCjQkVmIVYwuuqDFUbaOeDjmed1tOGPrsMhtJA4rD9tkgA0F1qJ3gRFRXcHYVkdeaP50Q5rE/jLQ==",
					"requires": {
						"kind-of": "6.0.2"
					}
				},
				"is-descriptor": {
					"version": "1.0.2",
					"resolved": "https://registry.npmjs.org/is-descriptor/-/is-descriptor-1.0.2.tgz",
					"integrity": "sha512-2eis5WqQGV7peooDyLmNEPUrps9+SXX5c9pL3xEB+4e9HnGuDa7mB7kHxHw4CbqS9k1T2hOH3miL8n8WtiYVtg==",
					"requires": {
						"is-accessor-descriptor": "1.0.0",
						"is-data-descriptor": "1.0.0",
						"kind-of": "6.0.2"
					}
				}
			}
		},
		"snapdragon-util": {
			"version": "3.0.1",
			"resolved": "https://registry.npmjs.org/snapdragon-util/-/snapdragon-util-3.0.1.tgz",
			"integrity": "sha512-mbKkMdQKsjX4BAL4bRYTj21edOf8cN7XHdYUJEe+Zn99hVEYcMvKPct1IqNe7+AZPirn8BCDOQBHQZknqmKlZQ==",
			"requires": {
				"kind-of": "3.2.2"
			},
			"dependencies": {
				"kind-of": {
					"version": "3.2.2",
					"resolved": "https://registry.npmjs.org/kind-of/-/kind-of-3.2.2.tgz",
					"integrity": "sha1-MeohpzS6ubuw8yRm2JOupR5KPGQ=",
					"requires": {
						"is-buffer": "1.1.6"
					}
				}
			}
		},
		"source-map": {
			"version": "0.5.7",
			"resolved": "https://registry.npmjs.org/source-map/-/source-map-0.5.7.tgz",
			"integrity": "sha1-igOdLRAh0i0eoUyA2OpGi6LvP8w="
		},
		"source-map-resolve": {
			"version": "0.5.2",
			"resolved": "https://registry.npmjs.org/source-map-resolve/-/source-map-resolve-0.5.2.tgz",
			"integrity": "sha512-MjqsvNwyz1s0k81Goz/9vRBe9SZdB09Bdw+/zYyO+3CuPk6fouTaxscHkgtE8jKvf01kVfl8riHzERQ/kefaSA==",
			"requires": {
				"atob": "2.1.1",
				"decode-uri-component": "0.2.0",
				"resolve-url": "0.2.1",
				"source-map-url": "0.4.0",
				"urix": "0.1.0"
			}
		},
		"source-map-support": {
			"version": "0.4.18",
			"resolved": "https://registry.npmjs.org/source-map-support/-/source-map-support-0.4.18.tgz",
			"integrity": "sha512-try0/JqxPLF9nOjvSta7tVondkP5dwgyLDjVoyMDlmjugT2lRZ1OfsrYTkCd2hkDnJTKRbO/Rl3orm8vlsUzbA==",
			"requires": {
				"source-map": "0.5.7"
			}
		},
		"source-map-url": {
			"version": "0.4.0",
			"resolved": "https://registry.npmjs.org/source-map-url/-/source-map-url-0.4.0.tgz",
			"integrity": "sha1-PpNdfd1zYxuXZZlW1VEo6HtQhKM="
		},
		"split-string": {
			"version": "3.1.0",
			"resolved": "https://registry.npmjs.org/split-string/-/split-string-3.1.0.tgz",
			"integrity": "sha512-NzNVhJDYpwceVVii8/Hu6DKfD2G+NrQHlS/V/qgv763EYudVwEcMQNxd2lh+0VrUByXN/oJkl5grOhYWvQUYiw==",
			"requires": {
				"extend-shallow": "3.0.2"
			}
		},
		"static-extend": {
			"version": "0.1.2",
			"resolved": "https://registry.npmjs.org/static-extend/-/static-extend-0.1.2.tgz",
			"integrity": "sha1-YICcOcv/VTNyJv1eC1IPNB8ftcY=",
			"requires": {
				"define-property": "0.2.5",
				"object-copy": "0.1.0"
			},
			"dependencies": {
				"define-property": {
					"version": "0.2.5",
					"resolved": "https://registry.npmjs.org/define-property/-/define-property-0.2.5.tgz",
					"integrity": "sha1-w1se+RjsPJkPmlvFe+BKrOxcgRY=",
					"requires": {
						"is-descriptor": "0.1.6"
					}
				}
			}
		},
		"string_decoder": {
			"version": "1.1.1",
			"resolved": "https://registry.npmjs.org/string_decoder/-/string_decoder-1.1.1.tgz",
			"integrity": "sha512-n/ShnvDi6FHbbVfviro+WojiFzv+s8MPMHBczVePfUpDJLwoLT0ht1l4YwBCbi8pJAveEEdnkHyPyTP/mzRfwg==",
			"requires": {
				"safe-buffer": "5.1.2"
			}
		},
		"tapable": {
			"version": "0.2.8",
			"resolved": "https://registry.npmjs.org/tapable/-/tapable-0.2.8.tgz",
			"integrity": "sha1-mTcqXJmb8t8WCvwNdL7U9HlIzSI="
		},
		"to-object-path": {
			"version": "0.3.0",
			"resolved": "https://registry.npmjs.org/to-object-path/-/to-object-path-0.3.0.tgz",
			"integrity": "sha1-KXWIt7Dn4KwI4E5nL4XB9JmeF68=",
			"requires": {
				"kind-of": "3.2.2"
			},
			"dependencies": {
				"kind-of": {
					"version": "3.2.2",
					"resolved": "https://registry.npmjs.org/kind-of/-/kind-of-3.2.2.tgz",
					"integrity": "sha1-MeohpzS6ubuw8yRm2JOupR5KPGQ=",
					"requires": {
						"is-buffer": "1.1.6"
					}
				}
			}
		},
		"to-regex": {
			"version": "3.0.2",
			"resolved": "https://registry.npmjs.org/to-regex/-/to-regex-3.0.2.tgz",
			"integrity": "sha512-FWtleNAtZ/Ki2qtqej2CXTOayOH9bHDQF+Q48VpWyDXjbYxA4Yz8iDB31zXOBUlOHHKidDbqGVrTUvQMPmBGBw==",
			"requires": {
				"define-property": "2.0.2",
				"extend-shallow": "3.0.2",
				"regex-not": "1.0.2",
				"safe-regex": "1.1.0"
			}
		},
		"to-regex-range": {
			"version": "2.1.1",
			"resolved": "https://registry.npmjs.org/to-regex-range/-/to-regex-range-2.1.1.tgz",
			"integrity": "sha1-fIDBe53+vlmeJzZ+DU3VWQFB2zg=",
			"requires": {
				"is-number": "3.0.0",
				"repeat-string": "1.6.1"
			}
		},
		"ts-helpers": {
			"version": "1.1.2",
			"resolved": "https://registry.npmjs.org/ts-helpers/-/ts-helpers-1.1.2.tgz",
			"integrity": "sha1-/Gm+nx87rtAfsaDvjUz+dIgU2DU="
		},
		"tslib": {
			"version": "1.9.1",
			"resolved": "https://registry.npmjs.org/tslib/-/tslib-1.9.1.tgz",
			"integrity": "sha512-avfPS28HmGLLc2o4elcc2EIq2FcH++Yo5YxpBZi9Yw93BCTGFthI4HPE4Rpep6vSYQaK8e69PelM44tPj+RaQg=="
		},
		"union-value": {
			"version": "1.0.0",
			"resolved": "https://registry.npmjs.org/union-value/-/union-value-1.0.0.tgz",
			"integrity": "sha1-XHHDTLW61dzr4+oM0IIHulqhrqQ=",
			"requires": {
				"arr-union": "3.1.0",
				"get-value": "2.0.6",
				"is-extendable": "0.1.1",
				"set-value": "0.4.3"
			},
			"dependencies": {
				"extend-shallow": {
					"version": "2.0.1",
					"resolved": "https://registry.npmjs.org/extend-shallow/-/extend-shallow-2.0.1.tgz",
					"integrity": "sha1-Ua99YUrZqfYQ6huvu5idaxxWiQ8=",
					"requires": {
						"is-extendable": "0.1.1"
					}
				},
				"set-value": {
					"version": "0.4.3",
					"resolved": "https://registry.npmjs.org/set-value/-/set-value-0.4.3.tgz",
					"integrity": "sha1-fbCPnT0i3H945Trzw79GZuzfzPE=",
					"requires": {
						"extend-shallow": "2.0.1",
						"is-extendable": "0.1.1",
						"is-plain-object": "2.0.4",
						"to-object-path": "0.3.0"
					}
				}
			}
		},
		"unset-value": {
			"version": "1.0.0",
			"resolved": "https://registry.npmjs.org/unset-value/-/unset-value-1.0.0.tgz",
			"integrity": "sha1-g3aHP30jNRef+x5vw6jtDfyKtVk=",
			"requires": {
				"has-value": "0.3.1",
				"isobject": "3.0.1"
			},
			"dependencies": {
				"has-value": {
					"version": "0.3.1",
					"resolved": "https://registry.npmjs.org/has-value/-/has-value-0.3.1.tgz",
					"integrity": "sha1-ex9YutpiyoJ+wKIHgCVlSEWZXh8=",
					"requires": {
						"get-value": "2.0.6",
						"has-values": "0.1.4",
						"isobject": "2.1.0"
					},
					"dependencies": {
						"isobject": {
							"version": "2.1.0",
							"resolved": "https://registry.npmjs.org/isobject/-/isobject-2.1.0.tgz",
							"integrity": "sha1-8GVWEJaj8dou9GJy+BXIQNh+DIk=",
							"requires": {
								"isarray": "1.0.0"
							}
						}
					}
				},
				"has-values": {
					"version": "0.1.4",
					"resolved": "https://registry.npmjs.org/has-values/-/has-values-0.1.4.tgz",
					"integrity": "sha1-bWHeldkd/Km5oCCJrThL/49it3E="
				}
			}
		},
		"urix": {
			"version": "0.1.0",
			"resolved": "https://registry.npmjs.org/urix/-/urix-0.1.0.tgz",
			"integrity": "sha1-2pN/emLiH+wf0Y1Js1wpNQZ6bHI="
		},
		"use": {
			"version": "3.1.0",
			"resolved": "https://registry.npmjs.org/use/-/use-3.1.0.tgz",
			"integrity": "sha512-6UJEQM/L+mzC3ZJNM56Q4DFGLX/evKGRg15UJHGB9X5j5Z3AFbgZvjUh2yq/UJUY4U5dh7Fal++XbNg1uzpRAw==",
			"requires": {
				"kind-of": "6.0.2"
			}
		},
		"util-deprecate": {
			"version": "1.0.2",
			"resolved": "https://registry.npmjs.org/util-deprecate/-/util-deprecate-1.0.2.tgz",
			"integrity": "sha1-RQ1Nyfpw3nMnYvvS1KKJgUGaDM8="
		},
		"zone.js": {
			"version": "0.8.26",
			"resolved": "https://registry.npmjs.org/zone.js/-/zone.js-0.8.26.tgz",
			"integrity": "sha512-W9Nj+UmBJG251wkCacIkETgra4QgBo/vgoEkb4a2uoLzpQG7qF9nzwoLXWU5xj3Fg2mxGvEDh47mg24vXccYjA=="
		}
	}
}
